// !$*UTF8*$!
{
	archiveVersion = 1;
	classes = {
	};
	objectVersion = 55;
	objects = {

/* Begin PBXBuildFile section */
		94932FD42882ED5E0019B46D /* M6App.swift in Sources */ = {isa = PBXBuildFile; fileRef = 94932FD32882ED5E0019B46D /* M6App.swift */; };
		94932FD62882ED5E0019B46D /* PersonsView.swift in Sources */ = {isa = PBXBuildFile; fileRef = 94932FD52882ED5E0019B46D /* PersonsView.swift */; };
		94932FD82882ED610019B46D /* Assets.xcassets in Resources */ = {isa = PBXBuildFile; fileRef = 94932FD72882ED610019B46D /* Assets.xcassets */; };
		94932FDB2882ED610019B46D /* Preview Assets.xcassets in Resources */ = {isa = PBXBuildFile; fileRef = 94932FDA2882ED610019B46D /* Preview Assets.xcassets */; };
		94932FE42884188D0019B46D /* ViewModel.swift in Sources */ = {isa = PBXBuildFile; fileRef = 94932FE32884188C0019B46D /* ViewModel.swift */; };
		94932FE6288418DE0019B46D /* DetailsState.swift in Sources */ = {isa = PBXBuildFile; fileRef = 94932FE5288418DE0019B46D /* DetailsState.swift */; };
		94932FE82884194F0019B46D /* DetailsView.swift in Sources */ = {isa = PBXBuildFile; fileRef = 94932FE72884194F0019B46D /* DetailsView.swift */; };
		94932FEA288419A70019B46D /* Wireframe.swift in Sources */ = {isa = PBXBuildFile; fileRef = 94932FE9288419A70019B46D /* Wireframe.swift */; };
		94932FEC2884206F0019B46D /* DetailsService.swift in Sources */ = {isa = PBXBuildFile; fileRef = 94932FEB2884206F0019B46D /* DetailsService.swift */; };
		94932FEE288420AB0019B46D /* DetailsModel.swift in Sources */ = {isa = PBXBuildFile; fileRef = 94932FED288420AB0019B46D /* DetailsModel.swift */; };
		94932FF328846D180019B46D /* StateExample.swift in Sources */ = {isa = PBXBuildFile; fileRef = 94932FF228846D180019B46D /* StateExample.swift */; };
		94C14CEC28853D42005CDBB3 /* EnvironmentExampleView.swift in Sources */ = {isa = PBXBuildFile; fileRef = 94C14CEB28853D42005CDBB3 /* EnvironmentExampleView.swift */; };
/* End PBXBuildFile section */

/* Begin PBXFileReference section */
		94932FD02882ED5E0019B46D /* M6.app */ = {isa = PBXFileReference; explicitFileType = wrapper.application; includeInIndex = 0; path = M6.app; sourceTree = BUILT_PRODUCTS_DIR; };
		94932FD32882ED5E0019B46D /* M6App.swift */ = {isa = PBXFileReference; lastKnownFileType = sourcecode.swift; path = M6App.swift; sourceTree = "<group>"; };
		94932FD52882ED5E0019B46D /* PersonsView.swift */ = {isa = PBXFileReference; lastKnownFileType = sourcecode.swift; path = PersonsView.swift; sourceTree = "<group>"; };
		94932FD72882ED610019B46D /* Assets.xcassets */ = {isa = PBXFileReference; lastKnownFileType = folder.assetcatalog; path = Assets.xcassets; sourceTree = "<group>"; };
		94932FDA2882ED610019B46D /* Preview Assets.xcassets */ = {isa = PBXFileReference; lastKnownFileType = folder.assetcatalog; path = "Preview Assets.xcassets"; sourceTree = "<group>"; };
		94932FE32884188C0019B46D /* ViewModel.swift */ = {isa = PBXFileReference; lastKnownFileType = sourcecode.swift; path = ViewModel.swift; sourceTree = "<group>"; };
		94932FE5288418DE0019B46D /* DetailsState.swift */ = {isa = PBXFileReference; lastKnownFileType = sourcecode.swift; path = DetailsState.swift; sourceTree = "<group>"; };
		94932FE72884194F0019B46D /* DetailsView.swift */ = {isa = PBXFileReference; lastKnownFileType = sourcecode.swift; path = DetailsView.swift; sourceTree = "<group>"; };
		94932FE9288419A70019B46D /* Wireframe.swift */ = {isa = PBXFileReference; lastKnownFileType = sourcecode.swift; path = Wireframe.swift; sourceTree = "<group>"; };
		94932FEB2884206F0019B46D /* DetailsService.swift */ = {isa = PBXFileReference; lastKnownFileType = sourcecode.swift; path = DetailsService.swift; sourceTree = "<group>"; };
		94932FED288420AB0019B46D /* DetailsModel.swift */ = {isa = PBXFileReference; lastKnownFileType = sourcecode.swift; path = DetailsModel.swift; sourceTree = "<group>"; };
		94932FF228846D180019B46D /* StateExample.swift */ = {isa = PBXFileReference; lastKnownFileType = sourcecode.swift; path = StateExample.swift; sourceTree = "<group>"; };
		94C14CEB28853D42005CDBB3 /* EnvironmentExampleView.swift */ = {isa = PBXFileReference; lastKnownFileType = sourcecode.swift; path = EnvironmentExampleView.swift; sourceTree = "<group>"; };
/* End PBXFileReference section */

/* Begin PBXFrameworksBuildPhase section */
		94932FCD2882ED5E0019B46D /* Frameworks */ = {
			isa = PBXFrameworksBuildPhase;
			buildActionMask = 2147483647;
			files = (
			);
			runOnlyForDeploymentPostprocessing = 0;
		};
/* End PBXFrameworksBuildPhase section */

/* Begin PBXGroup section */
		94932FC72882ED5E0019B46D = {
			isa = PBXGroup;
			children = (
				94932FD22882ED5E0019B46D /* M6 */,
				94932FD12882ED5E0019B46D /* Products */,
			);
			sourceTree = "<group>";
		};
		94932FD12882ED5E0019B46D /* Products */ = {
			isa = PBXGroup;
			children = (
				94932FD02882ED5E0019B46D /* M6.app */,
			);
			name = Products;
			sourceTree = "<group>";
		};
		94932FD22882ED5E0019B46D /* M6 */ = {
			isa = PBXGroup;
			children = (
				94932FD32882ED5E0019B46D /* M6App.swift */,
				94932FF028846A4E0019B46D /* State */,
				94932FE12884184F0019B46D /* Observable */,
				94932FF128846A650019B46D /* Environment */,
				94932FEF28846A1D0019B46D /* Bindings */,
				94932FD72882ED610019B46D /* Assets.xcassets */,
				94932FD92882ED610019B46D /* Preview Content */,
			);
			path = M6;
			sourceTree = "<group>";
		};
		94932FD92882ED610019B46D /* Preview Content */ = {
			isa = PBXGroup;
			children = (
				94932FDA2882ED610019B46D /* Preview Assets.xcassets */,
			);
			path = "Preview Content";
			sourceTree = "<group>";
		};
		94932FE12884184F0019B46D /* Observable */ = {
			isa = PBXGroup;
			children = (
				94932FE2288418630019B46D /* DetailsInfo */,
			);
			path = Observable;
			sourceTree = "<group>";
		};
		94932FE2288418630019B46D /* DetailsInfo */ = {
			isa = PBXGroup;
			children = (
				94932FE32884188C0019B46D /* ViewModel.swift */,
				94932FE5288418DE0019B46D /* DetailsState.swift */,
				94932FE72884194F0019B46D /* DetailsView.swift */,
				94932FE9288419A70019B46D /* Wireframe.swift */,
				94932FEB2884206F0019B46D /* DetailsService.swift */,
				94932FED288420AB0019B46D /* DetailsModel.swift */,
			);
			path = DetailsInfo;
			sourceTree = "<group>";
		};
		94932FEF28846A1D0019B46D /* Bindings */ = {
			isa = PBXGroup;
			children = (
				94932FD52882ED5E0019B46D /* PersonsView.swift */,
			);
			path = Bindings;
			sourceTree = "<group>";
		};
		94932FF028846A4E0019B46D /* State */ = {
			isa = PBXGroup;
			children = (
				94932FF228846D180019B46D /* StateExample.swift */,
			);
			path = State;
			sourceTree = "<group>";
		};
		94932FF128846A650019B46D /* Environment */ = {
			isa = PBXGroup;
			children = (
				94C14CEB28853D42005CDBB3 /* EnvironmentExampleView.swift */,
			);
			path = Environment;
			sourceTree = "<group>";
		};
/* End PBXGroup section */

/* Begin PBXNativeTarget section */
		94932FCF2882ED5E0019B46D /* M6 */ = {
			isa = PBXNativeTarget;
			buildConfigurationList = 94932FDE2882ED610019B46D /* Build configuration list for PBXNativeTarget "M6" */;
			buildPhases = (
				94932FCC2882ED5E0019B46D /* Sources */,
				94932FCD2882ED5E0019B46D /* Frameworks */,
				94932FCE2882ED5E0019B46D /* Resources */,
			);
			buildRules = (
			);
			dependencies = (
			);
			name = M6;
			productName = M6;
			productReference = 94932FD02882ED5E0019B46D /* M6.app */;
			productType = "com.apple.product-type.application";
		};
/* End PBXNativeTarget section */

/* Begin PBXProject section */
		94932FC82882ED5E0019B46D /* Project object */ = {
			isa = PBXProject;
			attributes = {
				BuildIndependentTargetsInParallel = 1;
				LastSwiftUpdateCheck = 1340;
				LastUpgradeCheck = 1340;
				TargetAttributes = {
					94932FCF2882ED5E0019B46D = {
						CreatedOnToolsVersion = 13.4.1;
					};
				};
			};
			buildConfigurationList = 94932FCB2882ED5E0019B46D /* Build configuration list for PBXProject "M6" */;
			compatibilityVersion = "Xcode 13.0";
			developmentRegion = en;
			hasScannedForEncodings = 0;
			knownRegions = (
				en,
				Base,
			);
			mainGroup = 94932FC72882ED5E0019B46D;
			productRefGroup = 94932FD12882ED5E0019B46D /* Products */;
			projectDirPath = "";
			projectRoot = "";
			targets = (
				94932FCF2882ED5E0019B46D /* M6 */,
			);
		};
/* End PBXProject section */

/* Begin PBXResourcesBuildPhase section */
		94932FCE2882ED5E0019B46D /* Resources */ = {
			isa = PBXResourcesBuildPhase;
			buildActionMask = 2147483647;
			files = (
				94932FDB2882ED610019B46D /* Preview Assets.xcassets in Resources */,
				94932FD82882ED610019B46D /* Assets.xcassets in Resources */,
			);
			runOnlyForDeploymentPostprocessing = 0;
		};
/* End PBXResourcesBuildPhase section */

/* Begin PBXSourcesBuildPhase section */
		94932FCC2882ED5E0019B46D /* Sources */ = {
			isa = PBXSourcesBuildPhase;
			buildActionMask = 2147483647;
			files = (
				94932FE6288418DE0019B46D /* DetailsState.swift in Sources */,
				94932FE82884194F0019B46D /* DetailsView.swift in Sources */,
				94932FEC2884206F0019B46D /* DetailsService.swift in Sources */,
				94932FEA288419A70019B46D /* Wireframe.swift in Sources */,
				94932FEE288420AB0019B46D /* DetailsModel.swift in Sources */,
				94932FD62882ED5E0019B46D /* PersonsView.swift in Sources */,
				94932FE42884188D0019B46D /* ViewModel.swift in Sources */,
				94932FF328846D180019B46D /* StateExample.swift in Sources */,
				94932FD42882ED5E0019B46D /* M6App.swift in Sources */,
				94C14CEC28853D42005CDBB3 /* EnvironmentExampleView.swift in Sources */,
			);
			runOnlyForDeploymentPostprocessing = 0;
		};
/* End PBXSourcesBuildPhase section */

/* Begin XCBuildConfiguration section */
		94932FDC2882ED610019B46D /* Debug */ = {
			isa = XCBuildConfiguration;
			buildSettings = {
				ALWAYS_SEARCH_USER_PATHS = NO;
				CLANG_ANALYZER_NONNULL = YES;
				CLANG_ANALYZER_NUMBER_OBJECT_CONVERSION = YES_AGGRESSIVE;
				CLANG_CXX_LANGUAGE_STANDARD = "gnu++17";
				CLANG_ENABLE_MODULES = YES;
				CLANG_ENABLE_OBJC_ARC = YES;
				CLANG_ENABLE_OBJC_WEAK = YES;
				CLANG_WARN_BLOCK_CAPTURE_AUTORELEASING = YES;
				CLANG_WARN_BOOL_CONVERSION = YES;
				CLANG_WARN_COMMA = YES;
				CLANG_WARN_CONSTANT_CONVERSION = YES;
				CLANG_WARN_DEPRECATED_OBJC_IMPLEMENTATIONS = YES;
				CLANG_WARN_DIRECT_OBJC_ISA_USAGE = YES_ERROR;
				CLANG_WARN_DOCUMENTATION_COMMENTS = YES;
				CLANG_WARN_EMPTY_BODY = YES;
				CLANG_WARN_ENUM_CONVERSION = YES;
				CLANG_WARN_INFINITE_RECURSION = YES;
				CLANG_WARN_INT_CONVERSION = YES;
				CLANG_WARN_NON_LITERAL_NULL_CONVERSION = YES;
				CLANG_WARN_OBJC_IMPLICIT_RETAIN_SELF = YES;
				CLANG_WARN_OBJC_LITERAL_CONVERSION = YES;
				CLANG_WARN_OBJC_ROOT_CLASS = YES_ERROR;
				CLANG_WARN_QUOTED_INCLUDE_IN_FRAMEWORK_HEADER = YES;
				CLANG_WARN_RANGE_LOOP_ANALYSIS = YES;
				CLANG_WARN_STRICT_PROTOTYPES = YES;
				CLANG_WARN_SUSPICIOUS_MOVE = YES;
				CLANG_WARN_UNGUARDED_AVAILABILITY = YES_AGGRESSIVE;
				CLANG_WARN_UNREACHABLE_CODE = YES;
				CLANG_WARN__DUPLICATE_METHOD_MATCH = YES;
				COPY_PHASE_STRIP = NO;
				DEBUG_INFORMATION_FORMAT = dwarf;
				ENABLE_STRICT_OBJC_MSGSEND = YES;
				ENABLE_TESTABILITY = YES;
				GCC_C_LANGUAGE_STANDARD = gnu11;
				GCC_DYNAMIC_NO_PIC = NO;
				GCC_NO_COMMON_BLOCKS = YES;
				GCC_OPTIMIZATION_LEVEL = 0;
				GCC_PREPROCESSOR_DEFINITIONS = (
					"DEBUG=1",
					"$(inherited)",
				);
				GCC_WARN_64_TO_32_BIT_CONVERSION = YES;
				GCC_WARN_ABOUT_RETURN_TYPE = YES_ERROR;
				GCC_WARN_UNDECLARED_SELECTOR = YES;
				GCC_WARN_UNINITIALIZED_AUTOS = YES_AGGRESSIVE;
				GCC_WARN_UNUSED_FUNCTION = YES;
				GCC_WARN_UNUSED_VARIABLE = YES;
				IPHONEOS_DEPLOYMENT_TARGET = 15.5;
				MTL_ENABLE_DEBUG_INFO = INCLUDE_SOURCE;
				MTL_FAST_MATH = YES;
				ONLY_ACTIVE_ARCH = YES;
				SDKROOT = iphoneos;
				SWIFT_ACTIVE_COMPILATION_CONDITIONS = DEBUG;
				SWIFT_OPTIMIZATION_LEVEL = "-Onone";
			};
			name = Debug;
		};
		94932FDD2882ED610019B46D /* Release */ = {
			isa = XCBuildConfiguration;
			buildSettings = {
				ALWAYS_SEARCH_USER_PATHS = NO;
				CLANG_ANALYZER_NONNULL = YES;
				CLANG_ANALYZER_NUMBER_OBJECT_CONVERSION = YES_AGGRESSIVE;
				CLANG_CXX_LANGUAGE_STANDARD = "gnu++17";
				CLANG_ENABLE_MODULES = YES;
				CLANG_ENABLE_OBJC_ARC = YES;
				CLANG_ENABLE_OBJC_WEAK = YES;
				CLANG_WARN_BLOCK_CAPTURE_AUTORELEASING = YES;
				CLANG_WARN_BOOL_CONVERSION = YES;
				CLANG_WARN_COMMA = YES;
				CLANG_WARN_CONSTANT_CONVERSION = YES;
				CLANG_WARN_DEPRECATED_OBJC_IMPLEMENTATIONS = YES;
				CLANG_WARN_DIRECT_OBJC_ISA_USAGE = YES_ERROR;
				CLANG_WARN_DOCUMENTATION_COMMENTS = YES;
				CLANG_WARN_EMPTY_BODY = YES;
				CLANG_WARN_ENUM_CONVERSION = YES;
				CLANG_WARN_INFINITE_RECURSION = YES;
				CLANG_WARN_INT_CONVERSION = YES;
				CLANG_WARN_NON_LITERAL_NULL_CONVERSION = YES;
				CLANG_WARN_OBJC_IMPLICIT_RETAIN_SELF = YES;
				CLANG_WARN_OBJC_LITERAL_CONVERSION = YES;
				CLANG_WARN_OBJC_ROOT_CLASS = YES_ERROR;
				CLANG_WARN_QUOTED_INCLUDE_IN_FRAMEWORK_HEADER = YES;
				CLANG_WARN_RANGE_LOOP_ANALYSIS = YES;
				CLANG_WARN_STRICT_PROTOTYPES = YES;
				CLANG_WARN_SUSPICIOUS_MOVE = YES;
				CLANG_WARN_UNGUARDED_AVAILABILITY = YES_AGGRESSIVE;
				CLANG_WARN_UNREACHABLE_CODE = YES;
				CLANG_WARN__DUPLICATE_METHOD_MATCH = YES;
				COPY_PHASE_STRIP = NO;
				DEBUG_INFORMATION_FORMAT = "dwarf-with-dsym";
				ENABLE_NS_ASSERTIONS = NO;
				ENABLE_STRICT_OBJC_MSGSEND = YES;
				GCC_C_LANGUAGE_STANDARD = gnu11;
				GCC_NO_COMMON_BLOCKS = YES;
				GCC_WARN_64_TO_32_BIT_CONVERSION = YES;
				GCC_WARN_ABOUT_RETURN_TYPE = YES_ERROR;
				GCC_WARN_UNDECLARED_SELECTOR = YES;
				GCC_WARN_UNINITIALIZED_AUTOS = YES_AGGRESSIVE;
				GCC_WARN_UNUSED_FUNCTION = YES;
				GCC_WARN_UNUSED_VARIABLE = YES;
				IPHONEOS_DEPLOYMENT_TARGET = 15.5;
				MTL_ENABLE_DEBUG_INFO = NO;
				MTL_FAST_MATH = YES;
				SDKROOT = iphoneos;
				SWIFT_COMPILATION_MODE = wholemodule;
				SWIFT_OPTIMIZATION_LEVEL = "-O";
				VALIDATE_PRODUCT = YES;
			};
			name = Release;
		};
		94932FDF2882ED610019B46D /* Debug */ = {
			isa = XCBuildConfiguration;
			buildSettings = {
				ASSETCATALOG_COMPILER_APPICON_NAME = AppIcon;
				ASSETCATALOG_COMPILER_GLOBAL_ACCENT_COLOR_NAME = AccentColor;
				CODE_SIGN_STYLE = Automatic;
				CURRENT_PROJECT_VERSION = 1;
				DEVELOPMENT_ASSET_PATHS = "\"M6/Preview Content\"";
				ENABLE_PREVIEWS = YES;
				GENERATE_INFOPLIST_FILE = YES;
				INFOPLIST_KEY_UIApplicationSceneManifest_Generation = YES;
				INFOPLIST_KEY_UIApplicationSupportsIndirectInputEvents = YES;
				INFOPLIST_KEY_UILaunchScreen_Generation = YES;
				INFOPLIST_KEY_UISupportedInterfaceOrientations_iPad = "UIInterfaceOrientationPortrait UIInterfaceOrientationPortraitUpsideDown UIInterfaceOrientationLandscapeLeft UIInterfaceOrientationLandscapeRight";
				INFOPLIST_KEY_UISupportedInterfaceOrientations_iPhone = "UIInterfaceOrientationPortrait UIInterfaceOrientationLandscapeLeft UIInterfaceOrientationLandscapeRight";
				LD_RUNPATH_SEARCH_PATHS = (
					"$(inherited)",
					"@executable_path/Frameworks",
				);
				MARKETING_VERSION = 1.0;
				PRODUCT_BUNDLE_IDENTIFIER = Skillbox.M6;
				PRODUCT_NAME = "$(TARGET_NAME)";
				SWIFT_EMIT_LOC_STRINGS = YES;
				SWIFT_VERSION = 5.0;
				TARGETED_DEVICE_FAMILY = "1,2";
			};
			name = Debug;
		};
		94932FE02882ED610019B46D /* Release */ = {
			isa = XCBuildConfiguration;
			buildSettings = {
				ASSETCATALOG_COMPILER_APPICON_NAME = AppIcon;
				ASSETCATALOG_COMPILER_GLOBAL_ACCENT_COLOR_NAME = AccentColor;
				CODE_SIGN_STYLE = Automatic;
				CURRENT_PROJECT_VERSION = 1;
				DEVELOPMENT_ASSET_PATHS = "\"M6/Preview Content\"";
				ENABLE_PREVIEWS = YES;
				GENERATE_INFOPLIST_FILE = YES;
				INFOPLIST_KEY_UIApplicationSceneManifest_Generation = YES;
				INFOPLIST_KEY_UIApplicationSupportsIndirectInputEvents = YES;
				INFOPLIST_KEY_UILaunchScreen_Generation = YES;
				INFOPLIST_KEY_UISupportedInterfaceOrientations_iPad = "UIInterfaceOrientationPortrait UIInterfaceOrientationPortraitUpsideDown UIInterfaceOrientationLandscapeLeft UIInterfaceOrientationLandscapeRight";
				INFOPLIST_KEY_UISupportedInterfaceOrientations_iPhone = "UIInterfaceOrientationPortrait UIInterfaceOrientationLandscapeLeft UIInterfaceOrientationLandscapeRight";
				LD_RUNPATH_SEARCH_PATHS = (
					"$(inherited)",
					"@executable_path/Frameworks",
				);
				MARKETING_VERSION = 1.0;
				PRODUCT_BUNDLE_IDENTIFIER = Skillbox.M6;
				PRODUCT_NAME = "$(TARGET_NAME)";
				SWIFT_EMIT_LOC_STRINGS = YES;
				SWIFT_VERSION = 5.0;
				TARGETED_DEVICE_FAMILY = "1,2";
			};
			name = Release;
		};
/* End XCBuildConfiguration section */

/* Begin XCConfigurationList section */
		94932FCB2882ED5E0019B46D /* Build configuration list for PBXProject "M6" */ = {
			isa = XCConfigurationList;
			buildConfigurations = (
				94932FDC2882ED610019B46D /* Debug */,
				94932FDD2882ED610019B46D /* Release */,
			);
			defaultConfigurationIsVisible = 0;
			defaultConfigurationName = Release;
		};
		94932FDE2882ED610019B46D /* Build configuration list for PBXNativeTarget "M6" */ = {
			isa = XCConfigurationList;
			buildConfigurations = (
				94932FDF2882ED610019B46D /* Debug */,
				94932FE02882ED610019B46D /* Release */,
			);
			defaultConfigurationIsVisible = 0;
			defaultConfigurationName = Release;
		};
/* End XCConfigurationList section */
	};
	rootObject = 94932FC82882ED5E0019B46D /* Project object */;
}
