// !$*UTF8*$!
{
	archiveVersion = 1;
	classes = {
	};
	objectVersion = 50;
	objects = {

/* Begin PBXBuildFile section */
		5417240B2889A38C006E1C8C /* AppDelegate.swift in Sources */ = {isa = PBXBuildFile; fileRef = 5417240A2889A38C006E1C8C /* AppDelegate.swift */; };
		5417240D2889A38C006E1C8C /* SceneDelegate.swift in Sources */ = {isa = PBXBuildFile; fileRef = 5417240C2889A38C006E1C8C /* SceneDelegate.swift */; };
		5417240F2889A38C006E1C8C /* TabBarController.swift in Sources */ = {isa = PBXBuildFile; fileRef = 5417240E2889A38C006E1C8C /* TabBarController.swift */; };
		541724142889A397006E1C8C /* Assets.xcassets in Resources */ = {isa = PBXBuildFile; fileRef = 541724132889A397006E1C8C /* Assets.xcassets */; };
		5440949E288A98B20065CAB1 /* LaunchScreen.storyboard in Resources */ = {isa = PBXBuildFile; fileRef = 5440949D288A98B20065CAB1 /* LaunchScreen.storyboard */; };
		545C2040288ACB2200E82D89 /* Item1_VC1.swift in Sources */ = {isa = PBXBuildFile; fileRef = 545C203F288ACB2200E82D89 /* Item1_VC1.swift */; };
		545C2046288ACDB000E82D89 /* Item2_VC1.swift in Sources */ = {isa = PBXBuildFile; fileRef = 545C2045288ACDB000E82D89 /* Item2_VC1.swift */; };
		545C204B288ACF8200E82D89 /* Item3_VC1.swift in Sources */ = {isa = PBXBuildFile; fileRef = 545C204A288ACF8200E82D89 /* Item3_VC1.swift */; };
		545C2053288AE29300E82D89 /* Item2_VC2.swift in Sources */ = {isa = PBXBuildFile; fileRef = 545C2052288AE29300E82D89 /* Item2_VC2.swift */; };
		545C205E288AEBAE00E82D89 /* Item3_VC2.swift in Sources */ = {isa = PBXBuildFile; fileRef = 545C205D288AEBAE00E82D89 /* Item3_VC2.swift */; };
		545C2061288AEBC300E82D89 /* Item3_VC3.swift in Sources */ = {isa = PBXBuildFile; fileRef = 545C2060288AEBC300E82D89 /* Item3_VC3.swift */; };
		545C2064288AEE7900E82D89 /* Item2_NC.swift in Sources */ = {isa = PBXBuildFile; fileRef = 545C2063288AEE7900E82D89 /* Item2_NC.swift */; };
		545C2067288AF38800E82D89 /* Item3_NC.swift in Sources */ = {isa = PBXBuildFile; fileRef = 545C2066288AF38800E82D89 /* Item3_NC.swift */; };
/* End PBXBuildFile section */

/* Begin PBXFileReference section */
		541724072889A38C006E1C8C /* M13_APP_2.app */ = {isa = PBXFileReference; explicitFileType = wrapper.application; includeInIndex = 0; path = M13_APP_2.app; sourceTree = BUILT_PRODUCTS_DIR; };
		5417240A2889A38C006E1C8C /* AppDelegate.swift */ = {isa = PBXFileReference; lastKnownFileType = sourcecode.swift; path = AppDelegate.swift; sourceTree = "<group>"; };
		5417240C2889A38C006E1C8C /* SceneDelegate.swift */ = {isa = PBXFileReference; lastKnownFileType = sourcecode.swift; path = SceneDelegate.swift; sourceTree = "<group>"; };
		5417240E2889A38C006E1C8C /* TabBarController.swift */ = {isa = PBXFileReference; lastKnownFileType = sourcecode.swift; path = TabBarController.swift; sourceTree = "<group>"; };
		541724132889A397006E1C8C /* Assets.xcassets */ = {isa = PBXFileReference; lastKnownFileType = folder.assetcatalog; path = Assets.xcassets; sourceTree = "<group>"; };
		541724182889A397006E1C8C /* Info.plist */ = {isa = PBXFileReference; lastKnownFileType = text.plist.xml; path = Info.plist; sourceTree = "<group>"; };
		5440949D288A98B20065CAB1 /* LaunchScreen.storyboard */ = {isa = PBXFileReference; fileEncoding = 4; lastKnownFileType = file.storyboard; path = LaunchScreen.storyboard; sourceTree = "<group>"; };
		545C203F288ACB2200E82D89 /* Item1_VC1.swift */ = {isa = PBXFileReference; lastKnownFileType = sourcecode.swift; path = Item1_VC1.swift; sourceTree = "<group>"; };
		545C2045288ACDB000E82D89 /* Item2_VC1.swift */ = {isa = PBXFileReference; lastKnownFileType = sourcecode.swift; path = Item2_VC1.swift; sourceTree = "<group>"; };
		545C204A288ACF8200E82D89 /* Item3_VC1.swift */ = {isa = PBXFileReference; lastKnownFileType = sourcecode.swift; path = Item3_VC1.swift; sourceTree = "<group>"; };
		545C2052288AE29300E82D89 /* Item2_VC2.swift */ = {isa = PBXFileReference; lastKnownFileType = sourcecode.swift; path = Item2_VC2.swift; sourceTree = "<group>"; };
		545C205D288AEBAE00E82D89 /* Item3_VC2.swift */ = {isa = PBXFileReference; lastKnownFileType = sourcecode.swift; path = Item3_VC2.swift; sourceTree = "<group>"; };
		545C2060288AEBC300E82D89 /* Item3_VC3.swift */ = {isa = PBXFileReference; lastKnownFileType = sourcecode.swift; path = Item3_VC3.swift; sourceTree = "<group>"; };
		545C2063288AEE7900E82D89 /* Item2_NC.swift */ = {isa = PBXFileReference; fileEncoding = 4; lastKnownFileType = sourcecode.swift; path = Item2_NC.swift; sourceTree = "<group>"; };
		545C2066288AF38800E82D89 /* Item3_NC.swift */ = {isa = PBXFileReference; lastKnownFileType = sourcecode.swift; path = Item3_NC.swift; sourceTree = "<group>"; };
/* End PBXFileReference section */

/* Begin PBXFrameworksBuildPhase section */
		541724042889A38C006E1C8C /* Frameworks */ = {
			isa = PBXFrameworksBuildPhase;
			buildActionMask = 2147483647;
			files = (
			);
			runOnlyForDeploymentPostprocessing = 0;
		};
/* End PBXFrameworksBuildPhase section */

/* Begin PBXGroup section */
		541723FE2889A38C006E1C8C = {
			isa = PBXGroup;
			children = (
				541724092889A38C006E1C8C /* M13_APP_2 */,
				541724082889A38C006E1C8C /* Products */,
			);
			sourceTree = "<group>";
		};
		541724082889A38C006E1C8C /* Products */ = {
			isa = PBXGroup;
			children = (
				541724072889A38C006E1C8C /* M13_APP_2.app */,
			);
			name = Products;
			sourceTree = "<group>";
		};
		541724092889A38C006E1C8C /* M13_APP_2 */ = {
			isa = PBXGroup;
			children = (
				545C2050288AE25900E82D89 /* Item3 */,
				545C204F288AE24900E82D89 /* Item2 */,
				545C2048288ACDB600E82D89 /* Item1 */,
				5417240A2889A38C006E1C8C /* AppDelegate.swift */,
				5417240C2889A38C006E1C8C /* SceneDelegate.swift */,
				5417240E2889A38C006E1C8C /* TabBarController.swift */,
				5440949D288A98B20065CAB1 /* LaunchScreen.storyboard */,
				541724132889A397006E1C8C /* Assets.xcassets */,
				541724182889A397006E1C8C /* Info.plist */,
			);
			path = M13_APP_2;
			sourceTree = "<group>";
		};
		545C2048288ACDB600E82D89 /* Item1 */ = {
			isa = PBXGroup;
			children = (
				545C203F288ACB2200E82D89 /* Item1_VC1.swift */,
			);
			path = Item1;
			sourceTree = "<group>";
		};
		545C204F288AE24900E82D89 /* Item2 */ = {
			isa = PBXGroup;
			children = (
				545C2063288AEE7900E82D89 /* Item2_NC.swift */,
				545C2045288ACDB000E82D89 /* Item2_VC1.swift */,
				545C2052288AE29300E82D89 /* Item2_VC2.swift */,
			);
			path = Item2;
			sourceTree = "<group>";
		};
		545C2050288AE25900E82D89 /* Item3 */ = {
			isa = PBXGroup;
			children = (
				545C2066288AF38800E82D89 /* Item3_NC.swift */,
				545C204A288ACF8200E82D89 /* Item3_VC1.swift */,
				545C205D288AEBAE00E82D89 /* Item3_VC2.swift */,
				545C2060288AEBC300E82D89 /* Item3_VC3.swift */,
			);
			path = Item3;
			sourceTree = "<group>";
		};
/* End PBXGroup section */

/* Begin PBXNativeTarget section */
		541724062889A38C006E1C8C /* M13_APP_2 */ = {
			isa = PBXNativeTarget;
			buildConfigurationList = 5417241B2889A397006E1C8C /* Build configuration list for PBXNativeTarget "M13_APP_2" */;
			buildPhases = (
				541724032889A38C006E1C8C /* Sources */,
				541724042889A38C006E1C8C /* Frameworks */,
				541724052889A38C006E1C8C /* Resources */,
			);
			buildRules = (
			);
			dependencies = (
			);
			name = M13_APP_2;
			productName = M13_APP_2;
			productReference = 541724072889A38C006E1C8C /* M13_APP_2.app */;
			productType = "com.apple.product-type.application";
		};
/* End PBXNativeTarget section */

/* Begin PBXProject section */
		541723FF2889A38C006E1C8C /* Project object */ = {
			isa = PBXProject;
			attributes = {
				LastSwiftUpdateCheck = 1240;
				LastUpgradeCheck = 1240;
				TargetAttributes = {
					541724062889A38C006E1C8C = {
						CreatedOnToolsVersion = 12.4;
					};
				};
			};
			buildConfigurationList = 541724022889A38C006E1C8C /* Build configuration list for PBXProject "M13_APP_2" */;
			compatibilityVersion = "Xcode 9.3";
			developmentRegion = en;
			hasScannedForEncodings = 0;
			knownRegions = (
				en,
				Base,
			);
			mainGroup = 541723FE2889A38C006E1C8C;
			productRefGroup = 541724082889A38C006E1C8C /* Products */;
			projectDirPath = "";
			projectRoot = "";
			targets = (
				541724062889A38C006E1C8C /* M13_APP_2 */,
			);
		};
/* End PBXProject section */

/* Begin PBXResourcesBuildPhase section */
		541724052889A38C006E1C8C /* Resources */ = {
			isa = PBXResourcesBuildPhase;
			buildActionMask = 2147483647;
			files = (
				5440949E288A98B20065CAB1 /* LaunchScreen.storyboard in Resources */,
				541724142889A397006E1C8C /* Assets.xcassets in Resources */,
			);
			runOnlyForDeploymentPostprocessing = 0;
		};
/* End PBXResourcesBuildPhase section */

/* Begin PBXSourcesBuildPhase section */
		541724032889A38C006E1C8C /* Sources */ = {
			isa = PBXSourcesBuildPhase;
			buildActionMask = 2147483647;
			files = (
				545C2064288AEE7900E82D89 /* Item2_NC.swift in Sources */,
				5417240F2889A38C006E1C8C /* TabBarController.swift in Sources */,
				545C204B288ACF8200E82D89 /* Item3_VC1.swift in Sources */,
				545C2040288ACB2200E82D89 /* Item1_VC1.swift in Sources */,
				545C2046288ACDB000E82D89 /* Item2_VC1.swift in Sources */,
				545C2067288AF38800E82D89 /* Item3_NC.swift in Sources */,
				545C2061288AEBC300E82D89 /* Item3_VC3.swift in Sources */,
				5417240B2889A38C006E1C8C /* AppDelegate.swift in Sources */,
				545C2053288AE29300E82D89 /* Item2_VC2.swift in Sources */,
				545C205E288AEBAE00E82D89 /* Item3_VC2.swift in Sources */,
				5417240D2889A38C006E1C8C /* SceneDelegate.swift in Sources */,
			);
			runOnlyForDeploymentPostprocessing = 0;
		};
/* End PBXSourcesBuildPhase section */

/* Begin XCBuildConfiguration section */
		541724192889A397006E1C8C /* Debug */ = {
			isa = XCBuildConfiguration;
			buildSettings = {
				ALWAYS_SEARCH_USER_PATHS = NO;
				CLANG_ANALYZER_NONNULL = YES;
				CLANG_ANALYZER_NUMBER_OBJECT_CONVERSION = YES_AGGRESSIVE;
				CLANG_CXX_LANGUAGE_STANDARD = "gnu++14";
				CLANG_CXX_LIBRARY = "libc++";
				CLANG_ENABLE_MODULES = YES;
				CLANG_ENABLE_OBJC_ARC = YES;
				CLANG_ENABLE_OBJC_WEAK = YES;
				CLANG_WARN_BLOCK_CAPTURE_AUTORELEASING = YES;
				CLANG_WARN_BOOL_CONVERSION = YES;
				CLANG_WARN_COMMA = YES;
				CLANG_WARN_CONSTANT_CONVERSION = YES;
				CLANG_WARN_DEPRECATED_OBJC_IMPLEMENTATIONS = YES;
				CLANG_WARN_DIRECT_OBJC_ISA_USAGE = YES_ERROR;
				CLANG_WARN_DOCUMENTATION_COMMENTS = YES;
				CLANG_WARN_EMPTY_BODY = YES;
				CLANG_WARN_ENUM_CONVERSION = YES;
				CLANG_WARN_INFINITE_RECURSION = YES;
				CLANG_WARN_INT_CONVERSION = YES;
				CLANG_WARN_NON_LITERAL_NULL_CONVERSION = YES;
				CLANG_WARN_OBJC_IMPLICIT_RETAIN_SELF = YES;
				CLANG_WARN_OBJC_LITERAL_CONVERSION = YES;
				CLANG_WARN_OBJC_ROOT_CLASS = YES_ERROR;
				CLANG_WARN_QUOTED_INCLUDE_IN_FRAMEWORK_HEADER = YES;
				CLANG_WARN_RANGE_LOOP_ANALYSIS = YES;
				CLANG_WARN_STRICT_PROTOTYPES = YES;
				CLANG_WARN_SUSPICIOUS_MOVE = YES;
				CLANG_WARN_UNGUARDED_AVAILABILITY = YES_AGGRESSIVE;
				CLANG_WARN_UNREACHABLE_CODE = YES;
				CLANG_WARN__DUPLICATE_METHOD_MATCH = YES;
				COPY_PHASE_STRIP = NO;
				DEBUG_INFORMATION_FORMAT = dwarf;
				ENABLE_STRICT_OBJC_MSGSEND = YES;
				ENABLE_TESTABILITY = YES;
				GCC_C_LANGUAGE_STANDARD = gnu11;
				GCC_DYNAMIC_NO_PIC = NO;
				GCC_NO_COMMON_BLOCKS = YES;
				GCC_OPTIMIZATION_LEVEL = 0;
				GCC_PREPROCESSOR_DEFINITIONS = (
					"DEBUG=1",
					"$(inherited)",
				);
				GCC_WARN_64_TO_32_BIT_CONVERSION = YES;
				GCC_WARN_ABOUT_RETURN_TYPE = YES_ERROR;
				GCC_WARN_UNDECLARED_SELECTOR = YES;
				GCC_WARN_UNINITIALIZED_AUTOS = YES_AGGRESSIVE;
				GCC_WARN_UNUSED_FUNCTION = YES;
				GCC_WARN_UNUSED_VARIABLE = YES;
				IPHONEOS_DEPLOYMENT_TARGET = 14.4;
				MTL_ENABLE_DEBUG_INFO = INCLUDE_SOURCE;
				MTL_FAST_MATH = YES;
				ONLY_ACTIVE_ARCH = YES;
				SDKROOT = iphoneos;
				SWIFT_ACTIVE_COMPILATION_CONDITIONS = DEBUG;
				SWIFT_OPTIMIZATION_LEVEL = "-Onone";
			};
			name = Debug;
		};
		5417241A2889A397006E1C8C /* Release */ = {
			isa = XCBuildConfiguration;
			buildSettings = {
				ALWAYS_SEARCH_USER_PATHS = NO;
				CLANG_ANALYZER_NONNULL = YES;
				CLANG_ANALYZER_NUMBER_OBJECT_CONVERSION = YES_AGGRESSIVE;
				CLANG_CXX_LANGUAGE_STANDARD = "gnu++14";
				CLANG_CXX_LIBRARY = "libc++";
				CLANG_ENABLE_MODULES = YES;
				CLANG_ENABLE_OBJC_ARC = YES;
				CLANG_ENABLE_OBJC_WEAK = YES;
				CLANG_WARN_BLOCK_CAPTURE_AUTORELEASING = YES;
				CLANG_WARN_BOOL_CONVERSION = YES;
				CLANG_WARN_COMMA = YES;
				CLANG_WARN_CONSTANT_CONVERSION = YES;
				CLANG_WARN_DEPRECATED_OBJC_IMPLEMENTATIONS = YES;
				CLANG_WARN_DIRECT_OBJC_ISA_USAGE = YES_ERROR;
				CLANG_WARN_DOCUMENTATION_COMMENTS = YES;
				CLANG_WARN_EMPTY_BODY = YES;
				CLANG_WARN_ENUM_CONVERSION = YES;
				CLANG_WARN_INFINITE_RECURSION = YES;
				CLANG_WARN_INT_CONVERSION = YES;
				CLANG_WARN_NON_LITERAL_NULL_CONVERSION = YES;
				CLANG_WARN_OBJC_IMPLICIT_RETAIN_SELF = YES;
				CLANG_WARN_OBJC_LITERAL_CONVERSION = YES;
				CLANG_WARN_OBJC_ROOT_CLASS = YES_ERROR;
				CLANG_WARN_QUOTED_INCLUDE_IN_FRAMEWORK_HEADER = YES;
				CLANG_WARN_RANGE_LOOP_ANALYSIS = YES;
				CLANG_WARN_STRICT_PROTOTYPES = YES;
				CLANG_WARN_SUSPICIOUS_MOVE = YES;
				CLANG_WARN_UNGUARDED_AVAILABILITY = YES_AGGRESSIVE;
				CLANG_WARN_UNREACHABLE_CODE = YES;
				CLANG_WARN__DUPLICATE_METHOD_MATCH = YES;
				COPY_PHASE_STRIP = NO;
				DEBUG_INFORMATION_FORMAT = "dwarf-with-dsym";
				ENABLE_NS_ASSERTIONS = NO;
				ENABLE_STRICT_OBJC_MSGSEND = YES;
				GCC_C_LANGUAGE_STANDARD = gnu11;
				GCC_NO_COMMON_BLOCKS = YES;
				GCC_WARN_64_TO_32_BIT_CONVERSION = YES;
				GCC_WARN_ABOUT_RETURN_TYPE = YES_ERROR;
				GCC_WARN_UNDECLARED_SELECTOR = YES;
				GCC_WARN_UNINITIALIZED_AUTOS = YES_AGGRESSIVE;
				GCC_WARN_UNUSED_FUNCTION = YES;
				GCC_WARN_UNUSED_VARIABLE = YES;
				IPHONEOS_DEPLOYMENT_TARGET = 14.4;
				MTL_ENABLE_DEBUG_INFO = NO;
				MTL_FAST_MATH = YES;
				SDKROOT = iphoneos;
				SWIFT_COMPILATION_MODE = wholemodule;
				SWIFT_OPTIMIZATION_LEVEL = "-O";
				VALIDATE_PRODUCT = YES;
			};
			name = Release;
		};
		5417241C2889A397006E1C8C /* Debug */ = {
			isa = XCBuildConfiguration;
			buildSettings = {
				ASSETCATALOG_COMPILER_APPICON_NAME = AppIcon;
				ASSETCATALOG_COMPILER_GLOBAL_ACCENT_COLOR_NAME = AccentColor;
				CODE_SIGN_STYLE = Automatic;
				DEVELOPMENT_TEAM = 8J723W5X5H;
				INFOPLIST_FILE = M13_APP_2/Info.plist;
				LD_RUNPATH_SEARCH_PATHS = (
					"$(inherited)",
					"@executable_path/Frameworks",
				);
				PRODUCT_BUNDLE_IDENTIFIER = "nickeyprod.M13-APP-2";
				PRODUCT_NAME = "$(TARGET_NAME)";
				SWIFT_VERSION = 5.0;
				TARGETED_DEVICE_FAMILY = "1,2";
			};
			name = Debug;
		};
		5417241D2889A397006E1C8C /* Release */ = {
			isa = XCBuildConfiguration;
			buildSettings = {
				ASSETCATALOG_COMPILER_APPICON_NAME = AppIcon;
				ASSETCATALOG_COMPILER_GLOBAL_ACCENT_COLOR_NAME = AccentColor;
				CODE_SIGN_STYLE = Automatic;
				DEVELOPMENT_TEAM = 8J723W5X5H;
				INFOPLIST_FILE = M13_APP_2/Info.plist;
				LD_RUNPATH_SEARCH_PATHS = (
					"$(inherited)",
					"@executable_path/Frameworks",
				);
				PRODUCT_BUNDLE_IDENTIFIER = "nickeyprod.M13-APP-2";
				PRODUCT_NAME = "$(TARGET_NAME)";
				SWIFT_VERSION = 5.0;
				TARGETED_DEVICE_FAMILY = "1,2";
			};
			name = Release;
		};
/* End XCBuildConfiguration section */

/* Begin XCConfigurationList section */
		541724022889A38C006E1C8C /* Build configuration list for PBXProject "M13_APP_2" */ = {
			isa = XCConfigurationList;
			buildConfigurations = (
				541724192889A397006E1C8C /* Debug */,
				5417241A2889A397006E1C8C /* Release */,
			);
			defaultConfigurationIsVisible = 0;
			defaultConfigurationName = Release;
		};
		5417241B2889A397006E1C8C /* Build configuration list for PBXNativeTarget "M13_APP_2" */ = {
			isa = XCConfigurationList;
			buildConfigurations = (
				5417241C2889A397006E1C8C /* Debug */,
				5417241D2889A397006E1C8C /* Release */,
			);
			defaultConfigurationIsVisible = 0;
			defaultConfigurationName = Release;
		};
/* End XCConfigurationList section */
	};
	rootObject = 541723FF2889A38C006E1C8C /* Project object */;
}
