// !$*UTF8*$!
{
	archiveVersion = 1;
	classes = {
	};
	objectVersion = 54;
	objects = {

/* Begin PBXBuildFile section */
		542C687C2885696000CF486B /* Constants.swift in Sources */ = {isa = PBXBuildFile; fileRef = 542C687B2885696000CF486B /* Constants.swift */; };
		542C68842885846900CF486B /* Localization.strings in Resources */ = {isa = PBXBuildFile; fileRef = 542C68862885846900CF486B /* Localization.strings */; };
		542C707F288456DA00A527CC /* AppDelegate.swift in Sources */ = {isa = PBXBuildFile; fileRef = 542C707E288456DA00A527CC /* AppDelegate.swift */; };
		542C7081288456DA00A527CC /* SceneDelegate.swift in Sources */ = {isa = PBXBuildFile; fileRef = 542C7080288456DA00A527CC /* SceneDelegate.swift */; };
		542C7083288456DA00A527CC /* ViewController.swift in Sources */ = {isa = PBXBuildFile; fileRef = 542C7082288456DA00A527CC /* ViewController.swift */; };
		542C7086288456DA00A527CC /* Main.storyboard in Resources */ = {isa = PBXBuildFile; fileRef = 542C7084288456DA00A527CC /* Main.storyboard */; };
		542C7088288456E300A527CC /* Assets.xcassets in Resources */ = {isa = PBXBuildFile; fileRef = 542C7087288456E300A527CC /* Assets.xcassets */; };
		542C708B288456E300A527CC /* LaunchScreen.storyboard in Resources */ = {isa = PBXBuildFile; fileRef = 542C7089288456E300A527CC /* LaunchScreen.storyboard */; };
		542C70942884577500A527CC /* Colors.xcassets in Resources */ = {isa = PBXBuildFile; fileRef = 542C70932884577500A527CC /* Colors.xcassets */; };
/* End PBXBuildFile section */

/* Begin PBXFileReference section */
		542C687B2885696000CF486B /* Constants.swift */ = {isa = PBXFileReference; lastKnownFileType = sourcecode.swift; path = Constants.swift; sourceTree = "<group>"; };
		542C687E2885840800CF486B /* ru */ = {isa = PBXFileReference; lastKnownFileType = text.plist.strings; name = ru; path = ru.lproj/Main.strings; sourceTree = "<group>"; };
		542C687F2885840800CF486B /* ru */ = {isa = PBXFileReference; lastKnownFileType = text.plist.strings; name = ru; path = ru.lproj/LaunchScreen.strings; sourceTree = "<group>"; };
		542C68852885846900CF486B /* ru */ = {isa = PBXFileReference; lastKnownFileType = text.plist.strings; name = ru; path = ru.lproj/Localization.strings; sourceTree = "<group>"; };
		542C68882885847F00CF486B /* en */ = {isa = PBXFileReference; lastKnownFileType = text.plist.strings; name = en; path = en.lproj/Localization.strings; sourceTree = "<group>"; };
		542C707B288456DA00A527CC /* M12.app */ = {isa = PBXFileReference; explicitFileType = wrapper.application; includeInIndex = 0; path = M12.app; sourceTree = BUILT_PRODUCTS_DIR; };
		542C707E288456DA00A527CC /* AppDelegate.swift */ = {isa = PBXFileReference; lastKnownFileType = sourcecode.swift; path = AppDelegate.swift; sourceTree = "<group>"; };
		542C7080288456DA00A527CC /* SceneDelegate.swift */ = {isa = PBXFileReference; lastKnownFileType = sourcecode.swift; path = SceneDelegate.swift; sourceTree = "<group>"; };
		542C7082288456DA00A527CC /* ViewController.swift */ = {isa = PBXFileReference; lastKnownFileType = sourcecode.swift; path = ViewController.swift; sourceTree = "<group>"; };
		542C7085288456DA00A527CC /* Base */ = {isa = PBXFileReference; lastKnownFileType = file.storyboard; name = Base; path = Base.lproj/Main.storyboard; sourceTree = "<group>"; };
		542C7087288456E300A527CC /* Assets.xcassets */ = {isa = PBXFileReference; lastKnownFileType = folder.assetcatalog; path = Assets.xcassets; sourceTree = "<group>"; };
		542C708A288456E300A527CC /* Base */ = {isa = PBXFileReference; lastKnownFileType = file.storyboard; name = Base; path = Base.lproj/LaunchScreen.storyboard; sourceTree = "<group>"; };
		542C708C288456E300A527CC /* Info.plist */ = {isa = PBXFileReference; lastKnownFileType = text.plist.xml; path = Info.plist; sourceTree = "<group>"; };
		542C70932884577500A527CC /* Colors.xcassets */ = {isa = PBXFileReference; lastKnownFileType = folder.assetcatalog; path = Colors.xcassets; sourceTree = "<group>"; };
/* End PBXFileReference section */

/* Begin PBXFrameworksBuildPhase section */
		542C7078288456DA00A527CC /* Frameworks */ = {
			isa = PBXFrameworksBuildPhase;
			buildActionMask = 2147483647;
			files = (
			);
			runOnlyForDeploymentPostprocessing = 0;
		};
/* End PBXFrameworksBuildPhase section */

/* Begin PBXGroup section */
		542C7072288456DA00A527CC = {
			isa = PBXGroup;
			children = (
				542C707D288456DA00A527CC /* M12 */,
				542C707C288456DA00A527CC /* Products */,
			);
			sourceTree = "<group>";
		};
		542C707C288456DA00A527CC /* Products */ = {
			isa = PBXGroup;
			children = (
				542C707B288456DA00A527CC /* M12.app */,
			);
			name = Products;
			sourceTree = "<group>";
		};
		542C707D288456DA00A527CC /* M12 */ = {
			isa = PBXGroup;
			children = (
				542C707E288456DA00A527CC /* AppDelegate.swift */,
				542C7080288456DA00A527CC /* SceneDelegate.swift */,
				542C7082288456DA00A527CC /* ViewController.swift */,
				542C68862885846900CF486B /* Localization.strings */,
				542C7084288456DA00A527CC /* Main.storyboard */,
				542C7087288456E300A527CC /* Assets.xcassets */,
				542C70932884577500A527CC /* Colors.xcassets */,
				542C687B2885696000CF486B /* Constants.swift */,
				542C7089288456E300A527CC /* LaunchScreen.storyboard */,
				542C708C288456E300A527CC /* Info.plist */,
			);
			path = M12;
			sourceTree = "<group>";
		};
/* End PBXGroup section */

/* Begin PBXNativeTarget section */
		542C707A288456DA00A527CC /* M12 */ = {
			isa = PBXNativeTarget;
			buildConfigurationList = 542C708F288456E300A527CC /* Build configuration list for PBXNativeTarget "M12" */;
			buildPhases = (
				542C7077288456DA00A527CC /* Sources */,
				542C7078288456DA00A527CC /* Frameworks */,
				542C7079288456DA00A527CC /* Resources */,
			);
			buildRules = (
			);
			dependencies = (
			);
			name = M12;
			productName = M12;
			productReference = 542C707B288456DA00A527CC /* M12.app */;
			productType = "com.apple.product-type.application";
		};
/* End PBXNativeTarget section */

/* Begin PBXProject section */
		542C7073288456DA00A527CC /* Project object */ = {
			isa = PBXProject;
			attributes = {
				LastSwiftUpdateCheck = 1240;
				LastUpgradeCheck = 1240;
				TargetAttributes = {
					542C707A288456DA00A527CC = {
						CreatedOnToolsVersion = 12.4;
					};
				};
			};
			buildConfigurationList = 542C7076288456DA00A527CC /* Build configuration list for PBXProject "M12" */;
			compatibilityVersion = "Xcode 12.0";
			developmentRegion = en;
			hasScannedForEncodings = 0;
			knownRegions = (
				en,
				Base,
				ru,
			);
			mainGroup = 542C7072288456DA00A527CC;
			productRefGroup = 542C707C288456DA00A527CC /* Products */;
			projectDirPath = "";
			projectRoot = "";
			targets = (
				542C707A288456DA00A527CC /* M12 */,
			);
		};
/* End PBXProject section */

/* Begin PBXResourcesBuildPhase section */
		542C7079288456DA00A527CC /* Resources */ = {
			isa = PBXResourcesBuildPhase;
			buildActionMask = 2147483647;
			files = (
				542C708B288456E300A527CC /* LaunchScreen.storyboard in Resources */,
				542C70942884577500A527CC /* Colors.xcassets in Resources */,
				542C68842885846900CF486B /* Localization.strings in Resources */,
				542C7088288456E300A527CC /* Assets.xcassets in Resources */,
				542C7086288456DA00A527CC /* Main.storyboard in Resources */,
			);
			runOnlyForDeploymentPostprocessing = 0;
		};
/* End PBXResourcesBuildPhase section */

/* Begin PBXSourcesBuildPhase section */
		542C7077288456DA00A527CC /* Sources */ = {
			isa = PBXSourcesBuildPhase;
			buildActionMask = 2147483647;
			files = (
				542C7083288456DA00A527CC /* ViewController.swift in Sources */,
				542C707F288456DA00A527CC /* AppDelegate.swift in Sources */,
				542C7081288456DA00A527CC /* SceneDelegate.swift in Sources */,
				542C687C2885696000CF486B /* Constants.swift in Sources */,
			);
			runOnlyForDeploymentPostprocessing = 0;
		};
/* End PBXSourcesBuildPhase section */

/* Begin PBXVariantGroup section */
		542C68862885846900CF486B /* Localization.strings */ = {
			isa = PBXVariantGroup;
			children = (
				542C68852885846900CF486B /* ru */,
				542C68882885847F00CF486B /* en */,
			);
			name = Localization.strings;
			sourceTree = "<group>";
		};
		542C7084288456DA00A527CC /* Main.storyboard */ = {
			isa = PBXVariantGroup;
			children = (
				542C7085288456DA00A527CC /* Base */,
				542C687E2885840800CF486B /* ru */,
			);
			name = Main.storyboard;
			sourceTree = "<group>";
		};
		542C7089288456E300A527CC /* LaunchScreen.storyboard */ = {
			isa = PBXVariantGroup;
			children = (
				542C708A288456E300A527CC /* Base */,
				542C687F2885840800CF486B /* ru */,
			);
			name = LaunchScreen.storyboard;
			sourceTree = "<group>";
		};
/* End PBXVariantGroup section */

/* Begin XCBuildConfiguration section */
		542C708D288456E300A527CC /* Debug */ = {
			isa = XCBuildConfiguration;
			buildSettings = {
				ALWAYS_SEARCH_USER_PATHS = NO;
				CLANG_ANALYZER_LOCALIZABILITY_NONLOCALIZED = YES;
				CLANG_ANALYZER_NONNULL = YES;
				CLANG_ANALYZER_NUMBER_OBJECT_CONVERSION = YES_AGGRESSIVE;
				CLANG_CXX_LANGUAGE_STANDARD = "gnu++14";
				CLANG_CXX_LIBRARY = "libc++";
				CLANG_ENABLE_MODULES = YES;
				CLANG_ENABLE_OBJC_ARC = YES;
				CLANG_ENABLE_OBJC_WEAK = YES;
				CLANG_WARN_BLOCK_CAPTURE_AUTORELEASING = YES;
				CLANG_WARN_BOOL_CONVERSION = YES;
				CLANG_WARN_COMMA = YES;
				CLANG_WARN_CONSTANT_CONVERSION = YES;
				CLANG_WARN_DEPRECATED_OBJC_IMPLEMENTATIONS = YES;
				CLANG_WARN_DIRECT_OBJC_ISA_USAGE = YES_ERROR;
				CLANG_WARN_DOCUMENTATION_COMMENTS = YES;
				CLANG_WARN_EMPTY_BODY = YES;
				CLANG_WARN_ENUM_CONVERSION = YES;
				CLANG_WARN_INFINITE_RECURSION = YES;
				CLANG_WARN_INT_CONVERSION = YES;
				CLANG_WARN_NON_LITERAL_NULL_CONVERSION = YES;
				CLANG_WARN_OBJC_IMPLICIT_RETAIN_SELF = YES;
				CLANG_WARN_OBJC_LITERAL_CONVERSION = YES;
				CLANG_WARN_OBJC_ROOT_CLASS = YES_ERROR;
				CLANG_WARN_QUOTED_INCLUDE_IN_FRAMEWORK_HEADER = YES;
				CLANG_WARN_RANGE_LOOP_ANALYSIS = YES;
				CLANG_WARN_STRICT_PROTOTYPES = YES;
				CLANG_WARN_SUSPICIOUS_MOVE = YES;
				CLANG_WARN_UNGUARDED_AVAILABILITY = YES_AGGRESSIVE;
				CLANG_WARN_UNREACHABLE_CODE = YES;
				CLANG_WARN__DUPLICATE_METHOD_MATCH = YES;
				COPY_PHASE_STRIP = NO;
				DEBUG_INFORMATION_FORMAT = dwarf;
				ENABLE_STRICT_OBJC_MSGSEND = YES;
				ENABLE_TESTABILITY = YES;
				GCC_C_LANGUAGE_STANDARD = gnu11;
				GCC_DYNAMIC_NO_PIC = NO;
				GCC_NO_COMMON_BLOCKS = YES;
				GCC_OPTIMIZATION_LEVEL = 0;
				GCC_PREPROCESSOR_DEFINITIONS = (
					"DEBUG=1",
					"$(inherited)",
				);
				GCC_WARN_64_TO_32_BIT_CONVERSION = YES;
				GCC_WARN_ABOUT_RETURN_TYPE = YES_ERROR;
				GCC_WARN_UNDECLARED_SELECTOR = YES;
				GCC_WARN_UNINITIALIZED_AUTOS = YES_AGGRESSIVE;
				GCC_WARN_UNUSED_FUNCTION = YES;
				GCC_WARN_UNUSED_VARIABLE = YES;
				IPHONEOS_DEPLOYMENT_TARGET = 14.4;
				MTL_ENABLE_DEBUG_INFO = INCLUDE_SOURCE;
				MTL_FAST_MATH = YES;
				ONLY_ACTIVE_ARCH = YES;
				SDKROOT = iphoneos;
				SWIFT_ACTIVE_COMPILATION_CONDITIONS = DEBUG;
				SWIFT_OPTIMIZATION_LEVEL = "-Onone";
			};
			name = Debug;
		};
		542C708E288456E300A527CC /* Release */ = {
			isa = XCBuildConfiguration;
			buildSettings = {
				ALWAYS_SEARCH_USER_PATHS = NO;
				CLANG_ANALYZER_LOCALIZABILITY_NONLOCALIZED = YES;
				CLANG_ANALYZER_NONNULL = YES;
				CLANG_ANALYZER_NUMBER_OBJECT_CONVERSION = YES_AGGRESSIVE;
				CLANG_CXX_LANGUAGE_STANDARD = "gnu++14";
				CLANG_CXX_LIBRARY = "libc++";
				CLANG_ENABLE_MODULES = YES;
				CLANG_ENABLE_OBJC_ARC = YES;
				CLANG_ENABLE_OBJC_WEAK = YES;
				CLANG_WARN_BLOCK_CAPTURE_AUTORELEASING = YES;
				CLANG_WARN_BOOL_CONVERSION = YES;
				CLANG_WARN_COMMA = YES;
				CLANG_WARN_CONSTANT_CONVERSION = YES;
				CLANG_WARN_DEPRECATED_OBJC_IMPLEMENTATIONS = YES;
				CLANG_WARN_DIRECT_OBJC_ISA_USAGE = YES_ERROR;
				CLANG_WARN_DOCUMENTATION_COMMENTS = YES;
				CLANG_WARN_EMPTY_BODY = YES;
				CLANG_WARN_ENUM_CONVERSION = YES;
				CLANG_WARN_INFINITE_RECURSION = YES;
				CLANG_WARN_INT_CONVERSION = YES;
				CLANG_WARN_NON_LITERAL_NULL_CONVERSION = YES;
				CLANG_WARN_OBJC_IMPLICIT_RETAIN_SELF = YES;
				CLANG_WARN_OBJC_LITERAL_CONVERSION = YES;
				CLANG_WARN_OBJC_ROOT_CLASS = YES_ERROR;
				CLANG_WARN_QUOTED_INCLUDE_IN_FRAMEWORK_HEADER = YES;
				CLANG_WARN_RANGE_LOOP_ANALYSIS = YES;
				CLANG_WARN_STRICT_PROTOTYPES = YES;
				CLANG_WARN_SUSPICIOUS_MOVE = YES;
				CLANG_WARN_UNGUARDED_AVAILABILITY = YES_AGGRESSIVE;
				CLANG_WARN_UNREACHABLE_CODE = YES;
				CLANG_WARN__DUPLICATE_METHOD_MATCH = YES;
				COPY_PHASE_STRIP = NO;
				DEBUG_INFORMATION_FORMAT = "dwarf-with-dsym";
				ENABLE_NS_ASSERTIONS = NO;
				ENABLE_STRICT_OBJC_MSGSEND = YES;
				GCC_C_LANGUAGE_STANDARD = gnu11;
				GCC_NO_COMMON_BLOCKS = YES;
				GCC_WARN_64_TO_32_BIT_CONVERSION = YES;
				GCC_WARN_ABOUT_RETURN_TYPE = YES_ERROR;
				GCC_WARN_UNDECLARED_SELECTOR = YES;
				GCC_WARN_UNINITIALIZED_AUTOS = YES_AGGRESSIVE;
				GCC_WARN_UNUSED_FUNCTION = YES;
				GCC_WARN_UNUSED_VARIABLE = YES;
				IPHONEOS_DEPLOYMENT_TARGET = 14.4;
				MTL_ENABLE_DEBUG_INFO = NO;
				MTL_FAST_MATH = YES;
				SDKROOT = iphoneos;
				SWIFT_COMPILATION_MODE = wholemodule;
				SWIFT_OPTIMIZATION_LEVEL = "-O";
				VALIDATE_PRODUCT = YES;
			};
			name = Release;
		};
		542C7090288456E300A527CC /* Debug */ = {
			isa = XCBuildConfiguration;
			buildSettings = {
				ASSETCATALOG_COMPILER_APPICON_NAME = AppIcon;
				ASSETCATALOG_COMPILER_GLOBAL_ACCENT_COLOR_NAME = AccentColor;
				CODE_SIGN_STYLE = Automatic;
				DEVELOPMENT_TEAM = 8J723W5X5H;
				INFOPLIST_FILE = M12/Info.plist;
				LD_RUNPATH_SEARCH_PATHS = (
					"$(inherited)",
					"@executable_path/Frameworks",
				);
				PRODUCT_BUNDLE_IDENTIFIER = nickeyprod.M12;
				PRODUCT_NAME = "$(TARGET_NAME)";
				SWIFT_VERSION = 5.0;
				TARGETED_DEVICE_FAMILY = "1,2";
			};
			name = Debug;
		};
		542C7091288456E300A527CC /* Release */ = {
			isa = XCBuildConfiguration;
			buildSettings = {
				ASSETCATALOG_COMPILER_APPICON_NAME = AppIcon;
				ASSETCATALOG_COMPILER_GLOBAL_ACCENT_COLOR_NAME = AccentColor;
				CODE_SIGN_STYLE = Automatic;
				DEVELOPMENT_TEAM = 8J723W5X5H;
				INFOPLIST_FILE = M12/Info.plist;
				LD_RUNPATH_SEARCH_PATHS = (
					"$(inherited)",
					"@executable_path/Frameworks",
				);
				PRODUCT_BUNDLE_IDENTIFIER = nickeyprod.M12;
				PRODUCT_NAME = "$(TARGET_NAME)";
				SWIFT_VERSION = 5.0;
				TARGETED_DEVICE_FAMILY = "1,2";
			};
			name = Release;
		};
/* End XCBuildConfiguration section */

/* Begin XCConfigurationList section */
		542C7076288456DA00A527CC /* Build configuration list for PBXProject "M12" */ = {
			isa = XCConfigurationList;
			buildConfigurations = (
				542C708D288456E300A527CC /* Debug */,
				542C708E288456E300A527CC /* Release */,
			);
			defaultConfigurationIsVisible = 0;
			defaultConfigurationName = Release;
		};
		542C708F288456E300A527CC /* Build configuration list for PBXNativeTarget "M12" */ = {
			isa = XCConfigurationList;
			buildConfigurations = (
				542C7090288456E300A527CC /* Debug */,
				542C7091288456E300A527CC /* Release */,
			);
			defaultConfigurationIsVisible = 0;
			defaultConfigurationName = Release;
		};
/* End XCConfigurationList section */
	};
	rootObject = 542C7073288456DA00A527CC /* Project object */;
}
