// !$*UTF8*$!
{
	archiveVersion = 1;
	classes = {
	};
	objectVersion = 55;
	objects = {

/* Begin PBXBuildFile section */
		94CFB397287B5885005FABB5 /* M5App.swift in Sources */ = {isa = PBXBuildFile; fileRef = 94CFB396287B5885005FABB5 /* M5App.swift */; };
		94CFB399287B5885005FABB5 /* ExampleTextView.swift in Sources */ = {isa = PBXBuildFile; fileRef = 94CFB398287B5885005FABB5 /* ExampleTextView.swift */; };
		94CFB39B287B5887005FABB5 /* Assets.xcassets in Resources */ = {isa = PBXBuildFile; fileRef = 94CFB39A287B5887005FABB5 /* Assets.xcassets */; };
		94CFB39E287B5887005FABB5 /* Preview Assets.xcassets in Resources */ = {isa = PBXBuildFile; fileRef = 94CFB39D287B5887005FABB5 /* Preview Assets.xcassets */; };
		94CFB3AB287B5A5A005FABB5 /* ExampleStackView.swift in Sources */ = {isa = PBXBuildFile; fileRef = 94CFB3AA287B5A5A005FABB5 /* ExampleStackView.swift */; };
		94CFB3AD287B5A7B005FABB5 /* ExampleGridView.swift in Sources */ = {isa = PBXBuildFile; fileRef = 94CFB3AC287B5A7B005FABB5 /* ExampleGridView.swift */; };
		94CFB3AF287B5A8D005FABB5 /* ExampleListView.swift in Sources */ = {isa = PBXBuildFile; fileRef = 94CFB3AE287B5A8D005FABB5 /* ExampleListView.swift */; };
		94CFB3B1287C345C005FABB5 /* ExampleZStack.swift in Sources */ = {isa = PBXBuildFile; fileRef = 94CFB3B0287C345C005FABB5 /* ExampleZStack.swift */; };
		94CFB3B4287C38DF005FABB5 /* TableWithStackView.swift in Sources */ = {isa = PBXBuildFile; fileRef = 94CFB3B3287C38DF005FABB5 /* TableWithStackView.swift */; };
		94CFB3B7287C4D9F005FABB5 /* ErrorView.swift in Sources */ = {isa = PBXBuildFile; fileRef = 94CFB3B6287C4D9F005FABB5 /* ErrorView.swift */; };
		94CFB3B9287C4DBE005FABB5 /* ConditionView.swift in Sources */ = {isa = PBXBuildFile; fileRef = 94CFB3B8287C4DBE005FABB5 /* ConditionView.swift */; };
		94CFB3BB287C517D005FABB5 /* GeometryReaderExample.swift in Sources */ = {isa = PBXBuildFile; fileRef = 94CFB3BA287C517D005FABB5 /* GeometryReaderExample.swift */; };
/* End PBXBuildFile section */

/* Begin PBXFileReference section */
		94CFB393287B5885005FABB5 /* M5.app */ = {isa = PBXFileReference; explicitFileType = wrapper.application; includeInIndex = 0; path = M5.app; sourceTree = BUILT_PRODUCTS_DIR; };
		94CFB396287B5885005FABB5 /* M5App.swift */ = {isa = PBXFileReference; lastKnownFileType = sourcecode.swift; path = M5App.swift; sourceTree = "<group>"; };
		94CFB398287B5885005FABB5 /* ExampleTextView.swift */ = {isa = PBXFileReference; lastKnownFileType = sourcecode.swift; path = ExampleTextView.swift; sourceTree = "<group>"; };
		94CFB39A287B5887005FABB5 /* Assets.xcassets */ = {isa = PBXFileReference; lastKnownFileType = folder.assetcatalog; path = Assets.xcassets; sourceTree = "<group>"; };
		94CFB39D287B5887005FABB5 /* Preview Assets.xcassets */ = {isa = PBXFileReference; lastKnownFileType = folder.assetcatalog; path = "Preview Assets.xcassets"; sourceTree = "<group>"; };
		94CFB3AA287B5A5A005FABB5 /* ExampleStackView.swift */ = {isa = PBXFileReference; lastKnownFileType = sourcecode.swift; path = ExampleStackView.swift; sourceTree = "<group>"; };
		94CFB3AC287B5A7B005FABB5 /* ExampleGridView.swift */ = {isa = PBXFileReference; lastKnownFileType = sourcecode.swift; path = ExampleGridView.swift; sourceTree = "<group>"; };
		94CFB3AE287B5A8D005FABB5 /* ExampleListView.swift */ = {isa = PBXFileReference; lastKnownFileType = sourcecode.swift; path = ExampleListView.swift; sourceTree = "<group>"; };
		94CFB3B0287C345C005FABB5 /* ExampleZStack.swift */ = {isa = PBXFileReference; lastKnownFileType = sourcecode.swift; path = ExampleZStack.swift; sourceTree = "<group>"; };
		94CFB3B3287C38DF005FABB5 /* TableWithStackView.swift */ = {isa = PBXFileReference; lastKnownFileType = sourcecode.swift; path = TableWithStackView.swift; sourceTree = "<group>"; };
		94CFB3B6287C4D9F005FABB5 /* ErrorView.swift */ = {isa = PBXFileReference; lastKnownFileType = sourcecode.swift; path = ErrorView.swift; sourceTree = "<group>"; };
		94CFB3B8287C4DBE005FABB5 /* ConditionView.swift */ = {isa = PBXFileReference; lastKnownFileType = sourcecode.swift; path = ConditionView.swift; sourceTree = "<group>"; };
		94CFB3BA287C517D005FABB5 /* GeometryReaderExample.swift */ = {isa = PBXFileReference; lastKnownFileType = sourcecode.swift; path = GeometryReaderExample.swift; sourceTree = "<group>"; };
/* End PBXFileReference section */

/* Begin PBXFrameworksBuildPhase section */
		94CFB390287B5885005FABB5 /* Frameworks */ = {
			isa = PBXFrameworksBuildPhase;
			buildActionMask = 2147483647;
			files = (
			);
			runOnlyForDeploymentPostprocessing = 0;
		};
/* End PBXFrameworksBuildPhase section */

/* Begin PBXGroup section */
		94CFB38A287B5885005FABB5 = {
			isa = PBXGroup;
			children = (
				94CFB395287B5885005FABB5 /* M5 */,
				94CFB394287B5885005FABB5 /* Products */,
			);
			sourceTree = "<group>";
		};
		94CFB394287B5885005FABB5 /* Products */ = {
			isa = PBXGroup;
			children = (
				94CFB393287B5885005FABB5 /* M5.app */,
			);
			name = Products;
			sourceTree = "<group>";
		};
		94CFB395287B5885005FABB5 /* M5 */ = {
			isa = PBXGroup;
			children = (
				94CFB396287B5885005FABB5 /* M5App.swift */,
				94CFB398287B5885005FABB5 /* ExampleTextView.swift */,
				94CFB3AA287B5A5A005FABB5 /* ExampleStackView.swift */,
				94CFB3AC287B5A7B005FABB5 /* ExampleGridView.swift */,
				94CFB3AE287B5A8D005FABB5 /* ExampleListView.swift */,
				94CFB3B0287C345C005FABB5 /* ExampleZStack.swift */,
				94CFB3BA287C517D005FABB5 /* GeometryReaderExample.swift */,
				94CFB3B5287C4D86005FABB5 /* Condition */,
				94CFB3B2287C38A7005FABB5 /* TableExample */,
				94CFB39A287B5887005FABB5 /* Assets.xcassets */,
				94CFB39C287B5887005FABB5 /* Preview Content */,
			);
			path = M5;
			sourceTree = "<group>";
		};
		94CFB39C287B5887005FABB5 /* Preview Content */ = {
			isa = PBXGroup;
			children = (
				94CFB39D287B5887005FABB5 /* Preview Assets.xcassets */,
			);
			path = "Preview Content";
			sourceTree = "<group>";
		};
		94CFB3B2287C38A7005FABB5 /* TableExample */ = {
			isa = PBXGroup;
			children = (
				94CFB3B3287C38DF005FABB5 /* TableWithStackView.swift */,
			);
			path = TableExample;
			sourceTree = "<group>";
		};
		94CFB3B5287C4D86005FABB5 /* Condition */ = {
			isa = PBXGroup;
			children = (
				94CFB3B6287C4D9F005FABB5 /* ErrorView.swift */,
				94CFB3B8287C4DBE005FABB5 /* ConditionView.swift */,
			);
			path = Condition;
			sourceTree = "<group>";
		};
/* End PBXGroup section */

/* Begin PBXNativeTarget section */
		94CFB392287B5885005FABB5 /* M5 */ = {
			isa = PBXNativeTarget;
			buildConfigurationList = 94CFB3A1287B5887005FABB5 /* Build configuration list for PBXNativeTarget "M5" */;
			buildPhases = (
				94CFB38F287B5885005FABB5 /* Sources */,
				94CFB390287B5885005FABB5 /* Frameworks */,
				94CFB391287B5885005FABB5 /* Resources */,
			);
			buildRules = (
			);
			dependencies = (
			);
			name = M5;
			productName = M5;
			productReference = 94CFB393287B5885005FABB5 /* M5.app */;
			productType = "com.apple.product-type.application";
		};
/* End PBXNativeTarget section */

/* Begin PBXProject section */
		94CFB38B287B5885005FABB5 /* Project object */ = {
			isa = PBXProject;
			attributes = {
				BuildIndependentTargetsInParallel = 1;
				LastSwiftUpdateCheck = 1340;
				LastUpgradeCheck = 1340;
				TargetAttributes = {
					94CFB392287B5885005FABB5 = {
						CreatedOnToolsVersion = 13.4.1;
					};
				};
			};
			buildConfigurationList = 94CFB38E287B5885005FABB5 /* Build configuration list for PBXProject "M5" */;
			compatibilityVersion = "Xcode 13.0";
			developmentRegion = en;
			hasScannedForEncodings = 0;
			knownRegions = (
				en,
				Base,
			);
			mainGroup = 94CFB38A287B5885005FABB5;
			productRefGroup = 94CFB394287B5885005FABB5 /* Products */;
			projectDirPath = "";
			projectRoot = "";
			targets = (
				94CFB392287B5885005FABB5 /* M5 */,
			);
		};
/* End PBXProject section */

/* Begin PBXResourcesBuildPhase section */
		94CFB391287B5885005FABB5 /* Resources */ = {
			isa = PBXResourcesBuildPhase;
			buildActionMask = 2147483647;
			files = (
				94CFB39E287B5887005FABB5 /* Preview Assets.xcassets in Resources */,
				94CFB39B287B5887005FABB5 /* Assets.xcassets in Resources */,
			);
			runOnlyForDeploymentPostprocessing = 0;
		};
/* End PBXResourcesBuildPhase section */

/* Begin PBXSourcesBuildPhase section */
		94CFB38F287B5885005FABB5 /* Sources */ = {
			isa = PBXSourcesBuildPhase;
			buildActionMask = 2147483647;
			files = (
				94CFB3AF287B5A8D005FABB5 /* ExampleListView.swift in Sources */,
				94CFB3B9287C4DBE005FABB5 /* ConditionView.swift in Sources */,
				94CFB399287B5885005FABB5 /* ExampleTextView.swift in Sources */,
				94CFB3BB287C517D005FABB5 /* GeometryReaderExample.swift in Sources */,
				94CFB3B4287C38DF005FABB5 /* TableWithStackView.swift in Sources */,
				94CFB3B1287C345C005FABB5 /* ExampleZStack.swift in Sources */,
				94CFB3AB287B5A5A005FABB5 /* ExampleStackView.swift in Sources */,
				94CFB3AD287B5A7B005FABB5 /* ExampleGridView.swift in Sources */,
				94CFB397287B5885005FABB5 /* M5App.swift in Sources */,
				94CFB3B7287C4D9F005FABB5 /* ErrorView.swift in Sources */,
			);
			runOnlyForDeploymentPostprocessing = 0;
		};
/* End PBXSourcesBuildPhase section */

/* Begin XCBuildConfiguration section */
		94CFB39F287B5887005FABB5 /* Debug */ = {
			isa = XCBuildConfiguration;
			buildSettings = {
				ALWAYS_SEARCH_USER_PATHS = NO;
				CLANG_ANALYZER_NONNULL = YES;
				CLANG_ANALYZER_NUMBER_OBJECT_CONVERSION = YES_AGGRESSIVE;
				CLANG_CXX_LANGUAGE_STANDARD = "gnu++17";
				CLANG_ENABLE_MODULES = YES;
				CLANG_ENABLE_OBJC_ARC = YES;
				CLANG_ENABLE_OBJC_WEAK = YES;
				CLANG_WARN_BLOCK_CAPTURE_AUTORELEASING = YES;
				CLANG_WARN_BOOL_CONVERSION = YES;
				CLANG_WARN_COMMA = YES;
				CLANG_WARN_CONSTANT_CONVERSION = YES;
				CLANG_WARN_DEPRECATED_OBJC_IMPLEMENTATIONS = YES;
				CLANG_WARN_DIRECT_OBJC_ISA_USAGE = YES_ERROR;
				CLANG_WARN_DOCUMENTATION_COMMENTS = YES;
				CLANG_WARN_EMPTY_BODY = YES;
				CLANG_WARN_ENUM_CONVERSION = YES;
				CLANG_WARN_INFINITE_RECURSION = YES;
				CLANG_WARN_INT_CONVERSION = YES;
				CLANG_WARN_NON_LITERAL_NULL_CONVERSION = YES;
				CLANG_WARN_OBJC_IMPLICIT_RETAIN_SELF = YES;
				CLANG_WARN_OBJC_LITERAL_CONVERSION = YES;
				CLANG_WARN_OBJC_ROOT_CLASS = YES_ERROR;
				CLANG_WARN_QUOTED_INCLUDE_IN_FRAMEWORK_HEADER = YES;
				CLANG_WARN_RANGE_LOOP_ANALYSIS = YES;
				CLANG_WARN_STRICT_PROTOTYPES = YES;
				CLANG_WARN_SUSPICIOUS_MOVE = YES;
				CLANG_WARN_UNGUARDED_AVAILABILITY = YES_AGGRESSIVE;
				CLANG_WARN_UNREACHABLE_CODE = YES;
				CLANG_WARN__DUPLICATE_METHOD_MATCH = YES;
				COPY_PHASE_STRIP = NO;
				DEBUG_INFORMATION_FORMAT = dwarf;
				ENABLE_STRICT_OBJC_MSGSEND = YES;
				ENABLE_TESTABILITY = YES;
				GCC_C_LANGUAGE_STANDARD = gnu11;
				GCC_DYNAMIC_NO_PIC = NO;
				GCC_NO_COMMON_BLOCKS = YES;
				GCC_OPTIMIZATION_LEVEL = 0;
				GCC_PREPROCESSOR_DEFINITIONS = (
					"DEBUG=1",
					"$(inherited)",
				);
				GCC_WARN_64_TO_32_BIT_CONVERSION = YES;
				GCC_WARN_ABOUT_RETURN_TYPE = YES_ERROR;
				GCC_WARN_UNDECLARED_SELECTOR = YES;
				GCC_WARN_UNINITIALIZED_AUTOS = YES_AGGRESSIVE;
				GCC_WARN_UNUSED_FUNCTION = YES;
				GCC_WARN_UNUSED_VARIABLE = YES;
				IPHONEOS_DEPLOYMENT_TARGET = 15.5;
				MTL_ENABLE_DEBUG_INFO = INCLUDE_SOURCE;
				MTL_FAST_MATH = YES;
				ONLY_ACTIVE_ARCH = YES;
				SDKROOT = iphoneos;
				SWIFT_ACTIVE_COMPILATION_CONDITIONS = DEBUG;
				SWIFT_OPTIMIZATION_LEVEL = "-Onone";
			};
			name = Debug;
		};
		94CFB3A0287B5887005FABB5 /* Release */ = {
			isa = XCBuildConfiguration;
			buildSettings = {
				ALWAYS_SEARCH_USER_PATHS = NO;
				CLANG_ANALYZER_NONNULL = YES;
				CLANG_ANALYZER_NUMBER_OBJECT_CONVERSION = YES_AGGRESSIVE;
				CLANG_CXX_LANGUAGE_STANDARD = "gnu++17";
				CLANG_ENABLE_MODULES = YES;
				CLANG_ENABLE_OBJC_ARC = YES;
				CLANG_ENABLE_OBJC_WEAK = YES;
				CLANG_WARN_BLOCK_CAPTURE_AUTORELEASING = YES;
				CLANG_WARN_BOOL_CONVERSION = YES;
				CLANG_WARN_COMMA = YES;
				CLANG_WARN_CONSTANT_CONVERSION = YES;
				CLANG_WARN_DEPRECATED_OBJC_IMPLEMENTATIONS = YES;
				CLANG_WARN_DIRECT_OBJC_ISA_USAGE = YES_ERROR;
				CLANG_WARN_DOCUMENTATION_COMMENTS = YES;
				CLANG_WARN_EMPTY_BODY = YES;
				CLANG_WARN_ENUM_CONVERSION = YES;
				CLANG_WARN_INFINITE_RECURSION = YES;
				CLANG_WARN_INT_CONVERSION = YES;
				CLANG_WARN_NON_LITERAL_NULL_CONVERSION = YES;
				CLANG_WARN_OBJC_IMPLICIT_RETAIN_SELF = YES;
				CLANG_WARN_OBJC_LITERAL_CONVERSION = YES;
				CLANG_WARN_OBJC_ROOT_CLASS = YES_ERROR;
				CLANG_WARN_QUOTED_INCLUDE_IN_FRAMEWORK_HEADER = YES;
				CLANG_WARN_RANGE_LOOP_ANALYSIS = YES;
				CLANG_WARN_STRICT_PROTOTYPES = YES;
				CLANG_WARN_SUSPICIOUS_MOVE = YES;
				CLANG_WARN_UNGUARDED_AVAILABILITY = YES_AGGRESSIVE;
				CLANG_WARN_UNREACHABLE_CODE = YES;
				CLANG_WARN__DUPLICATE_METHOD_MATCH = YES;
				COPY_PHASE_STRIP = NO;
				DEBUG_INFORMATION_FORMAT = "dwarf-with-dsym";
				ENABLE_NS_ASSERTIONS = NO;
				ENABLE_STRICT_OBJC_MSGSEND = YES;
				GCC_C_LANGUAGE_STANDARD = gnu11;
				GCC_NO_COMMON_BLOCKS = YES;
				GCC_WARN_64_TO_32_BIT_CONVERSION = YES;
				GCC_WARN_ABOUT_RETURN_TYPE = YES_ERROR;
				GCC_WARN_UNDECLARED_SELECTOR = YES;
				GCC_WARN_UNINITIALIZED_AUTOS = YES_AGGRESSIVE;
				GCC_WARN_UNUSED_FUNCTION = YES;
				GCC_WARN_UNUSED_VARIABLE = YES;
				IPHONEOS_DEPLOYMENT_TARGET = 15.5;
				MTL_ENABLE_DEBUG_INFO = NO;
				MTL_FAST_MATH = YES;
				SDKROOT = iphoneos;
				SWIFT_COMPILATION_MODE = wholemodule;
				SWIFT_OPTIMIZATION_LEVEL = "-O";
				VALIDATE_PRODUCT = YES;
			};
			name = Release;
		};
		94CFB3A2287B5887005FABB5 /* Debug */ = {
			isa = XCBuildConfiguration;
			buildSettings = {
				ASSETCATALOG_COMPILER_APPICON_NAME = AppIcon;
				ASSETCATALOG_COMPILER_GLOBAL_ACCENT_COLOR_NAME = AccentColor;
				CODE_SIGN_STYLE = Automatic;
				CURRENT_PROJECT_VERSION = 1;
				DEVELOPMENT_ASSET_PATHS = "\"M5/Preview Content\"";
				ENABLE_PREVIEWS = YES;
				GENERATE_INFOPLIST_FILE = YES;
				INFOPLIST_KEY_UIApplicationSceneManifest_Generation = YES;
				INFOPLIST_KEY_UIApplicationSupportsIndirectInputEvents = YES;
				INFOPLIST_KEY_UILaunchScreen_Generation = YES;
				INFOPLIST_KEY_UISupportedInterfaceOrientations_iPad = "UIInterfaceOrientationPortrait UIInterfaceOrientationPortraitUpsideDown UIInterfaceOrientationLandscapeLeft UIInterfaceOrientationLandscapeRight";
				INFOPLIST_KEY_UISupportedInterfaceOrientations_iPhone = "UIInterfaceOrientationPortrait UIInterfaceOrientationLandscapeLeft UIInterfaceOrientationLandscapeRight";
				LD_RUNPATH_SEARCH_PATHS = (
					"$(inherited)",
					"@executable_path/Frameworks",
				);
				MARKETING_VERSION = 1.0;
				PRODUCT_BUNDLE_IDENTIFIER = Skillbox.M5;
				PRODUCT_NAME = "$(TARGET_NAME)";
				SWIFT_EMIT_LOC_STRINGS = YES;
				SWIFT_VERSION = 5.0;
				TARGETED_DEVICE_FAMILY = "1,2";
			};
			name = Debug;
		};
		94CFB3A3287B5887005FABB5 /* Release */ = {
			isa = XCBuildConfiguration;
			buildSettings = {
				ASSETCATALOG_COMPILER_APPICON_NAME = AppIcon;
				ASSETCATALOG_COMPILER_GLOBAL_ACCENT_COLOR_NAME = AccentColor;
				CODE_SIGN_STYLE = Automatic;
				CURRENT_PROJECT_VERSION = 1;
				DEVELOPMENT_ASSET_PATHS = "\"M5/Preview Content\"";
				ENABLE_PREVIEWS = YES;
				GENERATE_INFOPLIST_FILE = YES;
				INFOPLIST_KEY_UIApplicationSceneManifest_Generation = YES;
				INFOPLIST_KEY_UIApplicationSupportsIndirectInputEvents = YES;
				INFOPLIST_KEY_UILaunchScreen_Generation = YES;
				INFOPLIST_KEY_UISupportedInterfaceOrientations_iPad = "UIInterfaceOrientationPortrait UIInterfaceOrientationPortraitUpsideDown UIInterfaceOrientationLandscapeLeft UIInterfaceOrientationLandscapeRight";
				INFOPLIST_KEY_UISupportedInterfaceOrientations_iPhone = "UIInterfaceOrientationPortrait UIInterfaceOrientationLandscapeLeft UIInterfaceOrientationLandscapeRight";
				LD_RUNPATH_SEARCH_PATHS = (
					"$(inherited)",
					"@executable_path/Frameworks",
				);
				MARKETING_VERSION = 1.0;
				PRODUCT_BUNDLE_IDENTIFIER = Skillbox.M5;
				PRODUCT_NAME = "$(TARGET_NAME)";
				SWIFT_EMIT_LOC_STRINGS = YES;
				SWIFT_VERSION = 5.0;
				TARGETED_DEVICE_FAMILY = "1,2";
			};
			name = Release;
		};
/* End XCBuildConfiguration section */

/* Begin XCConfigurationList section */
		94CFB38E287B5885005FABB5 /* Build configuration list for PBXProject "M5" */ = {
			isa = XCConfigurationList;
			buildConfigurations = (
				94CFB39F287B5887005FABB5 /* Debug */,
				94CFB3A0287B5887005FABB5 /* Release */,
			);
			defaultConfigurationIsVisible = 0;
			defaultConfigurationName = Release;
		};
		94CFB3A1287B5887005FABB5 /* Build configuration list for PBXNativeTarget "M5" */ = {
			isa = XCConfigurationList;
			buildConfigurations = (
				94CFB3A2287B5887005FABB5 /* Debug */,
				94CFB3A3287B5887005FABB5 /* Release */,
			);
			defaultConfigurationIsVisible = 0;
			defaultConfigurationName = Release;
		};
/* End XCConfigurationList section */
	};
	rootObject = 94CFB38B287B5885005FABB5 /* Project object */;
}
