// !$*UTF8*$!
{
	archiveVersion = 1;
	classes = {
	};
	objectVersion = 56;
	objects = {

/* Begin PBXBuildFile section */
		D17B3305293404CC00A89A1D /* M7_HomeworkApp.swift in Sources */ = {isa = PBXBuildFile; fileRef = D17B3304293404CC00A89A1D /* M7_HomeworkApp.swift */; };
		D17B3307293404CC00A89A1D /* FirstScreenView.swift in Sources */ = {isa = PBXBuildFile; fileRef = D17B3306293404CC00A89A1D /* FirstScreenView.swift */; };
		D17B3309293404CE00A89A1D /* Assets.xcassets in Resources */ = {isa = PBXBuildFile; fileRef = D17B3308293404CE00A89A1D /* Assets.xcassets */; };
		D17B330D293404CE00A89A1D /* Preview Assets.xcassets in Resources */ = {isa = PBXBuildFile; fileRef = D17B330C293404CE00A89A1D /* Preview Assets.xcassets */; };
		D1EBA3D52934B98E000550FA /* SecondScreenView.swift in Sources */ = {isa = PBXBuildFile; fileRef = D1EBA3D42934B98E000550FA /* SecondScreenView.swift */; };
		D1EBA3D82934CC6F000550FA /* UpperPanelView.swift in Sources */ = {isa = PBXBuildFile; fileRef = D1EBA3D72934CC6F000550FA /* UpperPanelView.swift */; };
		D1EBA3DA2934CCCD000550FA /* TimeScreenView.swift in Sources */ = {isa = PBXBuildFile; fileRef = D1EBA3D92934CCCD000550FA /* TimeScreenView.swift */; };
		D1EBA3DC2934CD11000550FA /* SliderPanelView.swift in Sources */ = {isa = PBXBuildFile; fileRef = D1EBA3DB2934CD11000550FA /* SliderPanelView.swift */; };
		D1EBA3DF2934E891000550FA /* ScaleRotationModifier.swift in Sources */ = {isa = PBXBuildFile; fileRef = D1EBA3DE2934E891000550FA /* ScaleRotationModifier.swift */; };
/* End PBXBuildFile section */

/* Begin PBXFileReference section */
		D17B3301293404CC00A89A1D /* M7_Homework.app */ = {isa = PBXFileReference; explicitFileType = wrapper.application; includeInIndex = 0; path = M7_Homework.app; sourceTree = BUILT_PRODUCTS_DIR; };
		D17B3304293404CC00A89A1D /* M7_HomeworkApp.swift */ = {isa = PBXFileReference; lastKnownFileType = sourcecode.swift; path = M7_HomeworkApp.swift; sourceTree = "<group>"; };
		D17B3306293404CC00A89A1D /* FirstScreenView.swift */ = {isa = PBXFileReference; lastKnownFileType = sourcecode.swift; path = FirstScreenView.swift; sourceTree = "<group>"; };
		D17B3308293404CE00A89A1D /* Assets.xcassets */ = {isa = PBXFileReference; lastKnownFileType = folder.assetcatalog; path = Assets.xcassets; sourceTree = "<group>"; };
		D17B330A293404CE00A89A1D /* M7_Homework.entitlements */ = {isa = PBXFileReference; lastKnownFileType = text.plist.entitlements; path = M7_Homework.entitlements; sourceTree = "<group>"; };
		D17B330C293404CE00A89A1D /* Preview Assets.xcassets */ = {isa = PBXFileReference; lastKnownFileType = folder.assetcatalog; path = "Preview Assets.xcassets"; sourceTree = "<group>"; };
		D1EBA3D42934B98E000550FA /* SecondScreenView.swift */ = {isa = PBXFileReference; lastKnownFileType = sourcecode.swift; path = SecondScreenView.swift; sourceTree = "<group>"; };
		D1EBA3D72934CC6F000550FA /* UpperPanelView.swift */ = {isa = PBXFileReference; lastKnownFileType = sourcecode.swift; path = UpperPanelView.swift; sourceTree = "<group>"; };
		D1EBA3D92934CCCD000550FA /* TimeScreenView.swift */ = {isa = PBXFileReference; lastKnownFileType = sourcecode.swift; path = TimeScreenView.swift; sourceTree = "<group>"; };
		D1EBA3DB2934CD11000550FA /* SliderPanelView.swift */ = {isa = PBXFileReference; lastKnownFileType = sourcecode.swift; path = SliderPanelView.swift; sourceTree = "<group>"; };
		D1EBA3DD2934E5C0000550FA /* M7-Homework-Info.plist */ = {isa = PBXFileReference; lastKnownFileType = text.plist; path = "M7-Homework-Info.plist"; sourceTree = SOURCE_ROOT; };
		D1EBA3DE2934E891000550FA /* ScaleRotationModifier.swift */ = {isa = PBXFileReference; lastKnownFileType = sourcecode.swift; path = ScaleRotationModifier.swift; sourceTree = "<group>"; };
/* End PBXFileReference section */

/* Begin PBXFrameworksBuildPhase section */
		D17B32FE293404CC00A89A1D /* Frameworks */ = {
			isa = PBXFrameworksBuildPhase;
			buildActionMask = 2147483647;
			files = (
			);
			runOnlyForDeploymentPostprocessing = 0;
		};
/* End PBXFrameworksBuildPhase section */

/* Begin PBXGroup section */
		D17B32F8293404CC00A89A1D = {
			isa = PBXGroup;
			children = (
				D17B3303293404CC00A89A1D /* M7_Homework */,
				D17B3302293404CC00A89A1D /* Products */,
			);
			sourceTree = "<group>";
		};
		D17B3302293404CC00A89A1D /* Products */ = {
			isa = PBXGroup;
			children = (
				D17B3301293404CC00A89A1D /* M7_Homework.app */,
			);
			name = Products;
			sourceTree = "<group>";
		};
		D17B3303293404CC00A89A1D /* M7_Homework */ = {
			isa = PBXGroup;
			children = (
				D1EBA3DD2934E5C0000550FA /* M7-Homework-Info.plist */,
				D1EBA3D32934B937000550FA /* Views */,
				D17B3304293404CC00A89A1D /* M7_HomeworkApp.swift */,
				D17B3308293404CE00A89A1D /* Assets.xcassets */,
				D17B330A293404CE00A89A1D /* M7_Homework.entitlements */,
				D17B330B293404CE00A89A1D /* Preview Content */,
			);
			path = M7_Homework;
			sourceTree = "<group>";
		};
		D17B330B293404CE00A89A1D /* Preview Content */ = {
			isa = PBXGroup;
			children = (
				D17B330C293404CE00A89A1D /* Preview Assets.xcassets */,
			);
			path = "Preview Content";
			sourceTree = "<group>";
		};
		D1EBA3D32934B937000550FA /* Views */ = {
			isa = PBXGroup;
			children = (
				D1EBA3D62934CC57000550FA /* FirstScreenView */,
				D1EBA3D42934B98E000550FA /* SecondScreenView.swift */,
				D1EBA3DE2934E891000550FA /* ScaleRotationModifier.swift */,
			);
			path = Views;
			sourceTree = "<group>";
		};
		D1EBA3D62934CC57000550FA /* FirstScreenView */ = {
			isa = PBXGroup;
			children = (
				D17B3306293404CC00A89A1D /* FirstScreenView.swift */,
				D1EBA3D72934CC6F000550FA /* UpperPanelView.swift */,
				D1EBA3D92934CCCD000550FA /* TimeScreenView.swift */,
				D1EBA3DB2934CD11000550FA /* SliderPanelView.swift */,
			);
			path = FirstScreenView;
			sourceTree = "<group>";
		};
/* End PBXGroup section */

/* Begin PBXNativeTarget section */
		D17B3300293404CC00A89A1D /* M7_Homework */ = {
			isa = PBXNativeTarget;
			buildConfigurationList = D17B3310293404CE00A89A1D /* Build configuration list for PBXNativeTarget "M7_Homework" */;
			buildPhases = (
				D17B32FD293404CC00A89A1D /* Sources */,
				D17B32FE293404CC00A89A1D /* Frameworks */,
				D17B32FF293404CC00A89A1D /* Resources */,
			);
			buildRules = (
			);
			dependencies = (
			);
			name = M7_Homework;
			productName = M7_Homework;
			productReference = D17B3301293404CC00A89A1D /* M7_Homework.app */;
			productType = "com.apple.product-type.application";
		};
/* End PBXNativeTarget section */

/* Begin PBXProject section */
		D17B32F9293404CC00A89A1D /* Project object */ = {
			isa = PBXProject;
			attributes = {
				BuildIndependentTargetsInParallel = 1;
				LastSwiftUpdateCheck = 1410;
				LastUpgradeCheck = 1410;
				TargetAttributes = {
					D17B3300293404CC00A89A1D = {
						CreatedOnToolsVersion = 14.1;
					};
				};
			};
			buildConfigurationList = D17B32FC293404CC00A89A1D /* Build configuration list for PBXProject "M7_Homework" */;
			compatibilityVersion = "Xcode 14.0";
			developmentRegion = en;
			hasScannedForEncodings = 0;
			knownRegions = (
				en,
				Base,
			);
			mainGroup = D17B32F8293404CC00A89A1D;
			productRefGroup = D17B3302293404CC00A89A1D /* Products */;
			projectDirPath = "";
			projectRoot = "";
			targets = (
				D17B3300293404CC00A89A1D /* M7_Homework */,
			);
		};
/* End PBXProject section */

/* Begin PBXResourcesBuildPhase section */
		D17B32FF293404CC00A89A1D /* Resources */ = {
			isa = PBXResourcesBuildPhase;
			buildActionMask = 2147483647;
			files = (
				D17B330D293404CE00A89A1D /* Preview Assets.xcassets in Resources */,
				D17B3309293404CE00A89A1D /* Assets.xcassets in Resources */,
			);
			runOnlyForDeploymentPostprocessing = 0;
		};
/* End PBXResourcesBuildPhase section */

/* Begin PBXSourcesBuildPhase section */
		D17B32FD293404CC00A89A1D /* Sources */ = {
			isa = PBXSourcesBuildPhase;
			buildActionMask = 2147483647;
			files = (
				D1EBA3DC2934CD11000550FA /* SliderPanelView.swift in Sources */,
				D1EBA3DF2934E891000550FA /* ScaleRotationModifier.swift in Sources */,
				D1EBA3D52934B98E000550FA /* SecondScreenView.swift in Sources */,
				D17B3307293404CC00A89A1D /* FirstScreenView.swift in Sources */,
				D17B3305293404CC00A89A1D /* M7_HomeworkApp.swift in Sources */,
				D1EBA3DA2934CCCD000550FA /* TimeScreenView.swift in Sources */,
				D1EBA3D82934CC6F000550FA /* UpperPanelView.swift in Sources */,
			);
			runOnlyForDeploymentPostprocessing = 0;
		};
/* End PBXSourcesBuildPhase section */

/* Begin XCBuildConfiguration section */
		D17B330E293404CE00A89A1D /* Debug */ = {
			isa = XCBuildConfiguration;
			buildSettings = {
				ALWAYS_SEARCH_USER_PATHS = NO;
				CLANG_ANALYZER_NONNULL = YES;
				CLANG_ANALYZER_NUMBER_OBJECT_CONVERSION = YES_AGGRESSIVE;
				CLANG_CXX_LANGUAGE_STANDARD = "gnu++20";
				CLANG_ENABLE_MODULES = YES;
				CLANG_ENABLE_OBJC_ARC = YES;
				CLANG_ENABLE_OBJC_WEAK = YES;
				CLANG_WARN_BLOCK_CAPTURE_AUTORELEASING = YES;
				CLANG_WARN_BOOL_CONVERSION = YES;
				CLANG_WARN_COMMA = YES;
				CLANG_WARN_CONSTANT_CONVERSION = YES;
				CLANG_WARN_DEPRECATED_OBJC_IMPLEMENTATIONS = YES;
				CLANG_WARN_DIRECT_OBJC_ISA_USAGE = YES_ERROR;
				CLANG_WARN_DOCUMENTATION_COMMENTS = YES;
				CLANG_WARN_EMPTY_BODY = YES;
				CLANG_WARN_ENUM_CONVERSION = YES;
				CLANG_WARN_INFINITE_RECURSION = YES;
				CLANG_WARN_INT_CONVERSION = YES;
				CLANG_WARN_NON_LITERAL_NULL_CONVERSION = YES;
				CLANG_WARN_OBJC_IMPLICIT_RETAIN_SELF = YES;
				CLANG_WARN_OBJC_LITERAL_CONVERSION = YES;
				CLANG_WARN_OBJC_ROOT_CLASS = YES_ERROR;
				CLANG_WARN_QUOTED_INCLUDE_IN_FRAMEWORK_HEADER = YES;
				CLANG_WARN_RANGE_LOOP_ANALYSIS = YES;
				CLANG_WARN_STRICT_PROTOTYPES = YES;
				CLANG_WARN_SUSPICIOUS_MOVE = YES;
				CLANG_WARN_UNGUARDED_AVAILABILITY = YES_AGGRESSIVE;
				CLANG_WARN_UNREACHABLE_CODE = YES;
				CLANG_WARN__DUPLICATE_METHOD_MATCH = YES;
				COPY_PHASE_STRIP = NO;
				DEBUG_INFORMATION_FORMAT = dwarf;
				ENABLE_STRICT_OBJC_MSGSEND = YES;
				ENABLE_TESTABILITY = YES;
				GCC_C_LANGUAGE_STANDARD = gnu11;
				GCC_DYNAMIC_NO_PIC = NO;
				GCC_NO_COMMON_BLOCKS = YES;
				GCC_OPTIMIZATION_LEVEL = 0;
				GCC_PREPROCESSOR_DEFINITIONS = (
					"DEBUG=1",
					"$(inherited)",
				);
				GCC_WARN_64_TO_32_BIT_CONVERSION = YES;
				GCC_WARN_ABOUT_RETURN_TYPE = YES_ERROR;
				GCC_WARN_UNDECLARED_SELECTOR = YES;
				GCC_WARN_UNINITIALIZED_AUTOS = YES_AGGRESSIVE;
				GCC_WARN_UNUSED_FUNCTION = YES;
				GCC_WARN_UNUSED_VARIABLE = YES;
				MTL_ENABLE_DEBUG_INFO = INCLUDE_SOURCE;
				MTL_FAST_MATH = YES;
				ONLY_ACTIVE_ARCH = YES;
				SWIFT_ACTIVE_COMPILATION_CONDITIONS = DEBUG;
				SWIFT_OPTIMIZATION_LEVEL = "-Onone";
			};
			name = Debug;
		};
		D17B330F293404CE00A89A1D /* Release */ = {
			isa = XCBuildConfiguration;
			buildSettings = {
				ALWAYS_SEARCH_USER_PATHS = NO;
				CLANG_ANALYZER_NONNULL = YES;
				CLANG_ANALYZER_NUMBER_OBJECT_CONVERSION = YES_AGGRESSIVE;
				CLANG_CXX_LANGUAGE_STANDARD = "gnu++20";
				CLANG_ENABLE_MODULES = YES;
				CLANG_ENABLE_OBJC_ARC = YES;
				CLANG_ENABLE_OBJC_WEAK = YES;
				CLANG_WARN_BLOCK_CAPTURE_AUTORELEASING = YES;
				CLANG_WARN_BOOL_CONVERSION = YES;
				CLANG_WARN_COMMA = YES;
				CLANG_WARN_CONSTANT_CONVERSION = YES;
				CLANG_WARN_DEPRECATED_OBJC_IMPLEMENTATIONS = YES;
				CLANG_WARN_DIRECT_OBJC_ISA_USAGE = YES_ERROR;
				CLANG_WARN_DOCUMENTATION_COMMENTS = YES;
				CLANG_WARN_EMPTY_BODY = YES;
				CLANG_WARN_ENUM_CONVERSION = YES;
				CLANG_WARN_INFINITE_RECURSION = YES;
				CLANG_WARN_INT_CONVERSION = YES;
				CLANG_WARN_NON_LITERAL_NULL_CONVERSION = YES;
				CLANG_WARN_OBJC_IMPLICIT_RETAIN_SELF = YES;
				CLANG_WARN_OBJC_LITERAL_CONVERSION = YES;
				CLANG_WARN_OBJC_ROOT_CLASS = YES_ERROR;
				CLANG_WARN_QUOTED_INCLUDE_IN_FRAMEWORK_HEADER = YES;
				CLANG_WARN_RANGE_LOOP_ANALYSIS = YES;
				CLANG_WARN_STRICT_PROTOTYPES = YES;
				CLANG_WARN_SUSPICIOUS_MOVE = YES;
				CLANG_WARN_UNGUARDED_AVAILABILITY = YES_AGGRESSIVE;
				CLANG_WARN_UNREACHABLE_CODE = YES;
				CLANG_WARN__DUPLICATE_METHOD_MATCH = YES;
				COPY_PHASE_STRIP = NO;
				DEBUG_INFORMATION_FORMAT = "dwarf-with-dsym";
				ENABLE_NS_ASSERTIONS = NO;
				ENABLE_STRICT_OBJC_MSGSEND = YES;
				GCC_C_LANGUAGE_STANDARD = gnu11;
				GCC_NO_COMMON_BLOCKS = YES;
				GCC_WARN_64_TO_32_BIT_CONVERSION = YES;
				GCC_WARN_ABOUT_RETURN_TYPE = YES_ERROR;
				GCC_WARN_UNDECLARED_SELECTOR = YES;
				GCC_WARN_UNINITIALIZED_AUTOS = YES_AGGRESSIVE;
				GCC_WARN_UNUSED_FUNCTION = YES;
				GCC_WARN_UNUSED_VARIABLE = YES;
				MTL_ENABLE_DEBUG_INFO = NO;
				MTL_FAST_MATH = YES;
				SWIFT_COMPILATION_MODE = wholemodule;
				SWIFT_OPTIMIZATION_LEVEL = "-O";
			};
			name = Release;
		};
		D17B3311293404CE00A89A1D /* Debug */ = {
			isa = XCBuildConfiguration;
			buildSettings = {
				ASSETCATALOG_COMPILER_APPICON_NAME = AppIcon;
				ASSETCATALOG_COMPILER_GLOBAL_ACCENT_COLOR_NAME = AccentColor;
				CODE_SIGN_ENTITLEMENTS = M7_Homework/M7_Homework.entitlements;
				CODE_SIGN_STYLE = Automatic;
				CURRENT_PROJECT_VERSION = 1;
				DEVELOPMENT_ASSET_PATHS = "\"M7_Homework/Preview Content\"";
				DEVELOPMENT_TEAM = 8J723W5X5H;
				ENABLE_HARDENED_RUNTIME = YES;
				ENABLE_PREVIEWS = YES;
				GENERATE_INFOPLIST_FILE = YES;
				INFOPLIST_FILE = "M7-Homework-Info.plist";
				"INFOPLIST_KEY_UIApplicationSceneManifest_Generation[sdk=iphoneos*]" = YES;
				"INFOPLIST_KEY_UIApplicationSceneManifest_Generation[sdk=iphonesimulator*]" = YES;
				"INFOPLIST_KEY_UIApplicationSupportsIndirectInputEvents[sdk=iphoneos*]" = YES;
				"INFOPLIST_KEY_UIApplicationSupportsIndirectInputEvents[sdk=iphonesimulator*]" = YES;
				"INFOPLIST_KEY_UILaunchScreen_Generation[sdk=iphoneos*]" = YES;
				"INFOPLIST_KEY_UILaunchScreen_Generation[sdk=iphonesimulator*]" = YES;
				"INFOPLIST_KEY_UIStatusBarStyle[sdk=iphoneos*]" = UIStatusBarStyleDefault;
				"INFOPLIST_KEY_UIStatusBarStyle[sdk=iphonesimulator*]" = UIStatusBarStyleDefault;
				INFOPLIST_KEY_UISupportedInterfaceOrientations_iPad = "UIInterfaceOrientationPortrait UIInterfaceOrientationPortraitUpsideDown UIInterfaceOrientationLandscapeLeft UIInterfaceOrientationLandscapeRight";
				INFOPLIST_KEY_UISupportedInterfaceOrientations_iPhone = "UIInterfaceOrientationPortrait UIInterfaceOrientationLandscapeLeft UIInterfaceOrientationLandscapeRight";
				IPHONEOS_DEPLOYMENT_TARGET = 16.1;
				LD_RUNPATH_SEARCH_PATHS = "@executable_path/Frameworks";
				"LD_RUNPATH_SEARCH_PATHS[sdk=macosx*]" = "@executable_path/../Frameworks";
				MACOSX_DEPLOYMENT_TARGET = 13.0;
				MARKETING_VERSION = 1.0;
				PRODUCT_BUNDLE_IDENTIFIER = "com.nickeyprod.M7-Homework";
				PRODUCT_NAME = "$(TARGET_NAME)";
				SDKROOT = auto;
				SUPPORTED_PLATFORMS = "iphoneos iphonesimulator macosx";
				SWIFT_EMIT_LOC_STRINGS = YES;
				SWIFT_VERSION = 5.0;
				TARGETED_DEVICE_FAMILY = "1,2";
			};
			name = Debug;
		};
		D17B3312293404CE00A89A1D /* Release */ = {
			isa = XCBuildConfiguration;
			buildSettings = {
				ASSETCATALOG_COMPILER_APPICON_NAME = AppIcon;
				ASSETCATALOG_COMPILER_GLOBAL_ACCENT_COLOR_NAME = AccentColor;
				CODE_SIGN_ENTITLEMENTS = M7_Homework/M7_Homework.entitlements;
				CODE_SIGN_STYLE = Automatic;
				CURRENT_PROJECT_VERSION = 1;
				DEVELOPMENT_ASSET_PATHS = "\"M7_Homework/Preview Content\"";
				DEVELOPMENT_TEAM = 8J723W5X5H;
				ENABLE_HARDENED_RUNTIME = YES;
				ENABLE_PREVIEWS = YES;
				GENERATE_INFOPLIST_FILE = YES;
				INFOPLIST_FILE = "M7-Homework-Info.plist";
				"INFOPLIST_KEY_UIApplicationSceneManifest_Generation[sdk=iphoneos*]" = YES;
				"INFOPLIST_KEY_UIApplicationSceneManifest_Generation[sdk=iphonesimulator*]" = YES;
				"INFOPLIST_KEY_UIApplicationSupportsIndirectInputEvents[sdk=iphoneos*]" = YES;
				"INFOPLIST_KEY_UIApplicationSupportsIndirectInputEvents[sdk=iphonesimulator*]" = YES;
				"INFOPLIST_KEY_UILaunchScreen_Generation[sdk=iphoneos*]" = YES;
				"INFOPLIST_KEY_UILaunchScreen_Generation[sdk=iphonesimulator*]" = YES;
				"INFOPLIST_KEY_UIStatusBarStyle[sdk=iphoneos*]" = UIStatusBarStyleDefault;
				"INFOPLIST_KEY_UIStatusBarStyle[sdk=iphonesimulator*]" = UIStatusBarStyleDefault;
				INFOPLIST_KEY_UISupportedInterfaceOrientations_iPad = "UIInterfaceOrientationPortrait UIInterfaceOrientationPortraitUpsideDown UIInterfaceOrientationLandscapeLeft UIInterfaceOrientationLandscapeRight";
				INFOPLIST_KEY_UISupportedInterfaceOrientations_iPhone = "UIInterfaceOrientationPortrait UIInterfaceOrientationLandscapeLeft UIInterfaceOrientationLandscapeRight";
				IPHONEOS_DEPLOYMENT_TARGET = 16.1;
				LD_RUNPATH_SEARCH_PATHS = "@executable_path/Frameworks";
				"LD_RUNPATH_SEARCH_PATHS[sdk=macosx*]" = "@executable_path/../Frameworks";
				MACOSX_DEPLOYMENT_TARGET = 13.0;
				MARKETING_VERSION = 1.0;
				PRODUCT_BUNDLE_IDENTIFIER = "com.nickeyprod.M7-Homework";
				PRODUCT_NAME = "$(TARGET_NAME)";
				SDKROOT = auto;
				SUPPORTED_PLATFORMS = "iphoneos iphonesimulator macosx";
				SWIFT_EMIT_LOC_STRINGS = YES;
				SWIFT_VERSION = 5.0;
				TARGETED_DEVICE_FAMILY = "1,2";
			};
			name = Release;
		};
/* End XCBuildConfiguration section */

/* Begin XCConfigurationList section */
		D17B32FC293404CC00A89A1D /* Build configuration list for PBXProject "M7_Homework" */ = {
			isa = XCConfigurationList;
			buildConfigurations = (
				D17B330E293404CE00A89A1D /* Debug */,
				D17B330F293404CE00A89A1D /* Release */,
			);
			defaultConfigurationIsVisible = 0;
			defaultConfigurationName = Release;
		};
		D17B3310293404CE00A89A1D /* Build configuration list for PBXNativeTarget "M7_Homework" */ = {
			isa = XCConfigurationList;
			buildConfigurations = (
				D17B3311293404CE00A89A1D /* Debug */,
				D17B3312293404CE00A89A1D /* Release */,
			);
			defaultConfigurationIsVisible = 0;
			defaultConfigurationName = Release;
		};
/* End XCConfigurationList section */
	};
	rootObject = D17B32F9293404CC00A89A1D /* Project object */;
}
