// !$*UTF8*$!
{
	archiveVersion = 1;
	classes = {
	};
	objectVersion = 56;
	objects = {

/* Begin PBXBuildFile section */
		D10F68BE2953AC340014D616 /* models.scnassets in Resources */ = {isa = PBXBuildFile; fileRef = D10F68BD2953AC340014D616 /* models.scnassets */; };
		D151C1E42958426200AD0222 /* LureAnnotation.swift in Sources */ = {isa = PBXBuildFile; fileRef = D151C1E32958426200AD0222 /* LureAnnotation.swift */; };
		D151C1F82959021900AD0222 /* menu_click.wav in Resources */ = {isa = PBXBuildFile; fileRef = D151C1F42959021900AD0222 /* menu_click.wav */; };
		D151C1F92959021900AD0222 /* fail_catch.wav in Resources */ = {isa = PBXBuildFile; fileRef = D151C1F52959021900AD0222 /* fail_catch.wav */; };
		D151C1FA2959021900AD0222 /* monster_run.wav in Resources */ = {isa = PBXBuildFile; fileRef = D151C1F62959021900AD0222 /* monster_run.wav */; };
		D151C1FB2959021900AD0222 /* success_catch.wav in Resources */ = {isa = PBXBuildFile; fileRef = D151C1F72959021900AD0222 /* success_catch.wav */; };
		D17E01E6294887B20064AC3B /* LocationForbiddenVC.swift in Sources */ = {isa = PBXBuildFile; fileRef = D17E01E5294887B20064AC3B /* LocationForbiddenVC.swift */; };
		D17E01E82948D3F00064AC3B /* MonstersMapVC.swift in Sources */ = {isa = PBXBuildFile; fileRef = D17E01E72948D3F00064AC3B /* MonstersMapVC.swift */; };
		D1876E3E2951CABA001520E2 /* CatchMonsterVC.swift in Sources */ = {isa = PBXBuildFile; fileRef = D1876E3D2951CABA001520E2 /* CatchMonsterVC.swift */; };
		D19D3A8729509E780095EA62 /* MonsterAnnotation.swift in Sources */ = {isa = PBXBuildFile; fileRef = D19D3A8629509E780095EA62 /* MonsterAnnotation.swift */; };
		D1A3CEA6294755910047A644 /* AppDelegate.swift in Sources */ = {isa = PBXBuildFile; fileRef = D1A3CEA5294755910047A644 /* AppDelegate.swift */; };
		D1A3CEA8294755910047A644 /* SceneDelegate.swift in Sources */ = {isa = PBXBuildFile; fileRef = D1A3CEA7294755910047A644 /* SceneDelegate.swift */; };
		D1A3CEAA294755910047A644 /* RequestLocationVC.swift in Sources */ = {isa = PBXBuildFile; fileRef = D1A3CEA9294755910047A644 /* RequestLocationVC.swift */; };
		D1A3CEAD294755910047A644 /* Main.storyboard in Resources */ = {isa = PBXBuildFile; fileRef = D1A3CEAB294755910047A644 /* Main.storyboard */; };
		D1A3CEAF294755920047A644 /* Assets.xcassets in Resources */ = {isa = PBXBuildFile; fileRef = D1A3CEAE294755920047A644 /* Assets.xcassets */; };
		D1A3CEB2294755920047A644 /* LaunchScreen.storyboard in Resources */ = {isa = PBXBuildFile; fileRef = D1A3CEB0294755920047A644 /* LaunchScreen.storyboard */; };
		D1C50CE5294B419200624C24 /* MyTeamVC.swift in Sources */ = {isa = PBXBuildFile; fileRef = D1C50CE4294B419200624C24 /* MyTeamVC.swift */; };
		D1F39ECF294B72DF001201B9 /* ViewModel.swift in Sources */ = {isa = PBXBuildFile; fileRef = D1F39ECE294B72DF001201B9 /* ViewModel.swift */; };
		D1F39ED2294B737A001201B9 /* Monster.swift in Sources */ = {isa = PBXBuildFile; fileRef = D1F39ED1294B737A001201B9 /* Monster.swift */; };
		D1F39ED4294B75FC001201B9 /* Constants.swift in Sources */ = {isa = PBXBuildFile; fileRef = D1F39ED3294B75FC001201B9 /* Constants.swift */; };
		D1F39EDA294BC3FD001201B9 /* CustomCell.swift in Sources */ = {isa = PBXBuildFile; fileRef = D1F39ED9294BC3FD001201B9 /* CustomCell.swift */; };
/* End PBXBuildFile section */

/* Begin PBXFileReference section */
		D10F68BD2953AC340014D616 /* models.scnassets */ = {isa = PBXFileReference; lastKnownFileType = wrapper.scnassets; path = models.scnassets; sourceTree = "<group>"; };
		D151C1E32958426200AD0222 /* LureAnnotation.swift */ = {isa = PBXFileReference; lastKnownFileType = sourcecode.swift; path = LureAnnotation.swift; sourceTree = "<group>"; };
		D151C1F42959021900AD0222 /* menu_click.wav */ = {isa = PBXFileReference; lastKnownFileType = audio.wav; name = menu_click.wav; path = ../../../../../../Downloads/menu_click.wav; sourceTree = "<group>"; };
		D151C1F52959021900AD0222 /* fail_catch.wav */ = {isa = PBXFileReference; lastKnownFileType = audio.wav; name = fail_catch.wav; path = ../../../../../../Downloads/fail_catch.wav; sourceTree = "<group>"; };
		D151C1F62959021900AD0222 /* monster_run.wav */ = {isa = PBXFileReference; lastKnownFileType = audio.wav; name = monster_run.wav; path = ../../../../../../Downloads/monster_run.wav; sourceTree = "<group>"; };
		D151C1F72959021900AD0222 /* success_catch.wav */ = {isa = PBXFileReference; lastKnownFileType = audio.wav; name = success_catch.wav; path = ../../../../../../Downloads/success_catch.wav; sourceTree = "<group>"; };
		D17E01E5294887B20064AC3B /* LocationForbiddenVC.swift */ = {isa = PBXFileReference; lastKnownFileType = sourcecode.swift; path = LocationForbiddenVC.swift; sourceTree = "<group>"; };
		D17E01E72948D3F00064AC3B /* MonstersMapVC.swift */ = {isa = PBXFileReference; lastKnownFileType = sourcecode.swift; path = MonstersMapVC.swift; sourceTree = "<group>"; };
		D1876E3D2951CABA001520E2 /* CatchMonsterVC.swift */ = {isa = PBXFileReference; lastKnownFileType = sourcecode.swift; path = CatchMonsterVC.swift; sourceTree = "<group>"; };
		D19D3A8629509E780095EA62 /* MonsterAnnotation.swift */ = {isa = PBXFileReference; lastKnownFileType = sourcecode.swift; path = MonsterAnnotation.swift; sourceTree = "<group>"; };
		D1A3CEA2294755910047A644 /* Monster Track.app */ = {isa = PBXFileReference; explicitFileType = wrapper.application; includeInIndex = 0; path = "Monster Track.app"; sourceTree = BUILT_PRODUCTS_DIR; };
		D1A3CEA5294755910047A644 /* AppDelegate.swift */ = {isa = PBXFileReference; lastKnownFileType = sourcecode.swift; path = AppDelegate.swift; sourceTree = "<group>"; };
		D1A3CEA7294755910047A644 /* SceneDelegate.swift */ = {isa = PBXFileReference; lastKnownFileType = sourcecode.swift; path = SceneDelegate.swift; sourceTree = "<group>"; };
		D1A3CEA9294755910047A644 /* RequestLocationVC.swift */ = {isa = PBXFileReference; lastKnownFileType = sourcecode.swift; path = RequestLocationVC.swift; sourceTree = "<group>"; };
		D1A3CEAC294755910047A644 /* Base */ = {isa = PBXFileReference; lastKnownFileType = file.storyboard; name = Base; path = Base.lproj/Main.storyboard; sourceTree = "<group>"; };
		D1A3CEAE294755920047A644 /* Assets.xcassets */ = {isa = PBXFileReference; lastKnownFileType = folder.assetcatalog; path = Assets.xcassets; sourceTree = "<group>"; };
		D1A3CEB1294755920047A644 /* Base */ = {isa = PBXFileReference; lastKnownFileType = file.storyboard; name = Base; path = Base.lproj/LaunchScreen.storyboard; sourceTree = "<group>"; };
		D1A3CEB3294755920047A644 /* Info.plist */ = {isa = PBXFileReference; lastKnownFileType = text.plist.xml; path = Info.plist; sourceTree = "<group>"; };
		D1C50CE4294B419200624C24 /* MyTeamVC.swift */ = {isa = PBXFileReference; lastKnownFileType = sourcecode.swift; path = MyTeamVC.swift; sourceTree = "<group>"; };
		D1F39ECE294B72DF001201B9 /* ViewModel.swift */ = {isa = PBXFileReference; lastKnownFileType = sourcecode.swift; path = ViewModel.swift; sourceTree = "<group>"; };
		D1F39ED1294B737A001201B9 /* Monster.swift */ = {isa = PBXFileReference; lastKnownFileType = sourcecode.swift; path = Monster.swift; sourceTree = "<group>"; };
		D1F39ED3294B75FC001201B9 /* Constants.swift */ = {isa = PBXFileReference; lastKnownFileType = sourcecode.swift; path = Constants.swift; sourceTree = "<group>"; };
		D1F39ED9294BC3FD001201B9 /* CustomCell.swift */ = {isa = PBXFileReference; lastKnownFileType = sourcecode.swift; path = CustomCell.swift; sourceTree = "<group>"; };
/* End PBXFileReference section */

/* Begin PBXFrameworksBuildPhase section */
		D1A3CE9F294755910047A644 /* Frameworks */ = {
			isa = PBXFrameworksBuildPhase;
			buildActionMask = 2147483647;
			files = (
			);
			runOnlyForDeploymentPostprocessing = 0;
		};
/* End PBXFrameworksBuildPhase section */

/* Begin PBXGroup section */
		D151C1F32959020400AD0222 /* GameSounds */ = {
			isa = PBXGroup;
			children = (
				D151C1F52959021900AD0222 /* fail_catch.wav */,
				D151C1F42959021900AD0222 /* menu_click.wav */,
				D151C1F62959021900AD0222 /* monster_run.wav */,
				D151C1F72959021900AD0222 /* success_catch.wav */,
			);
			path = GameSounds;
			sourceTree = "<group>";
		};
		D176FEE72959EF510088970A /* CustomCells */ = {
			isa = PBXGroup;
			children = (
				D1F39ED9294BC3FD001201B9 /* CustomCell.swift */,
			);
			path = CustomCells;
			sourceTree = "<group>";
		};
		D17E01DF294866CC0064AC3B /* ViewControllers */ = {
			isa = PBXGroup;
			children = (
				D1A3CEA9294755910047A644 /* RequestLocationVC.swift */,
				D17E01E5294887B20064AC3B /* LocationForbiddenVC.swift */,
				D17E01E72948D3F00064AC3B /* MonstersMapVC.swift */,
				D1C50CE4294B419200624C24 /* MyTeamVC.swift */,
				D1876E3D2951CABA001520E2 /* CatchMonsterVC.swift */,
			);
			path = ViewControllers;
			sourceTree = "<group>";
		};
		D199D6FB294E53C300CC5B30 /* MonsterAnnotations */ = {
			isa = PBXGroup;
			children = (
				D19D3A8629509E780095EA62 /* MonsterAnnotation.swift */,
				D151C1E32958426200AD0222 /* LureAnnotation.swift */,
			);
			path = MonsterAnnotations;
			sourceTree = "<group>";
		};
		D1A3CE99294755910047A644 = {
			isa = PBXGroup;
			children = (
				D1A3CEA4294755910047A644 /* Monster Track */,
				D1A3CEA3294755910047A644 /* Products */,
			);
			sourceTree = "<group>";
		};
		D1A3CEA3294755910047A644 /* Products */ = {
			isa = PBXGroup;
			children = (
				D1A3CEA2294755910047A644 /* Monster Track.app */,
			);
			name = Products;
			sourceTree = "<group>";
		};
		D1A3CEA4294755910047A644 /* Monster Track */ = {
			isa = PBXGroup;
			children = (
				D176FEE72959EF510088970A /* CustomCells */,
				D151C1F32959020400AD0222 /* GameSounds */,
				D199D6FB294E53C300CC5B30 /* MonsterAnnotations */,
				D1F39ED0294B736B001201B9 /* Models */,
				D1F39ECD294B7287001201B9 /* ViewModels */,
				D17E01DF294866CC0064AC3B /* ViewControllers */,
				D1A3CEA5294755910047A644 /* AppDelegate.swift */,
				D1A3CEA7294755910047A644 /* SceneDelegate.swift */,
				D1A3CEAB294755910047A644 /* Main.storyboard */,
				D1A3CEAE294755920047A644 /* Assets.xcassets */,
				D1A3CEB0294755920047A644 /* LaunchScreen.storyboard */,
				D1A3CEB3294755920047A644 /* Info.plist */,
				D1F39ED3294B75FC001201B9 /* Constants.swift */,
				D10F68BD2953AC340014D616 /* models.scnassets */,
			);
			path = "Monster Track";
			sourceTree = "<group>";
		};
		D1F39ECD294B7287001201B9 /* ViewModels */ = {
			isa = PBXGroup;
			children = (
				D1F39ECE294B72DF001201B9 /* ViewModel.swift */,
			);
			path = ViewModels;
			sourceTree = "<group>";
		};
		D1F39ED0294B736B001201B9 /* Models */ = {
			isa = PBXGroup;
			children = (
				D1F39ED1294B737A001201B9 /* Monster.swift */,
			);
			path = Models;
			sourceTree = "<group>";
		};
/* End PBXGroup section */

/* Begin PBXNativeTarget section */
		D1A3CEA1294755910047A644 /* Monster Track */ = {
			isa = PBXNativeTarget;
			buildConfigurationList = D1A3CEB6294755920047A644 /* Build configuration list for PBXNativeTarget "Monster Track" */;
			buildPhases = (
				D1A3CE9E294755910047A644 /* Sources */,
				D1A3CE9F294755910047A644 /* Frameworks */,
				D1A3CEA0294755910047A644 /* Resources */,
			);
			buildRules = (
			);
			dependencies = (
			);
			name = "Monster Track";
			productName = "Monster Track";
			productReference = D1A3CEA2294755910047A644 /* Monster Track.app */;
			productType = "com.apple.product-type.application";
		};
/* End PBXNativeTarget section */

/* Begin PBXProject section */
		D1A3CE9A294755910047A644 /* Project object */ = {
			isa = PBXProject;
			attributes = {
				BuildIndependentTargetsInParallel = 1;
				LastSwiftUpdateCheck = 1410;
				LastUpgradeCheck = 1410;
				TargetAttributes = {
					D1A3CEA1294755910047A644 = {
						CreatedOnToolsVersion = 14.1;
					};
				};
			};
			buildConfigurationList = D1A3CE9D294755910047A644 /* Build configuration list for PBXProject "Monster Track" */;
			compatibilityVersion = "Xcode 14.0";
			developmentRegion = en;
			hasScannedForEncodings = 0;
			knownRegions = (
				en,
				Base,
			);
			mainGroup = D1A3CE99294755910047A644;
			productRefGroup = D1A3CEA3294755910047A644 /* Products */;
			projectDirPath = "";
			projectRoot = "";
			targets = (
				D1A3CEA1294755910047A644 /* Monster Track */,
			);
		};
/* End PBXProject section */

/* Begin PBXResourcesBuildPhase section */
		D1A3CEA0294755910047A644 /* Resources */ = {
			isa = PBXResourcesBuildPhase;
			buildActionMask = 2147483647;
			files = (
				D151C1FB2959021900AD0222 /* success_catch.wav in Resources */,
				D151C1F92959021900AD0222 /* fail_catch.wav in Resources */,
				D1A3CEB2294755920047A644 /* LaunchScreen.storyboard in Resources */,
				D10F68BE2953AC340014D616 /* models.scnassets in Resources */,
				D1A3CEAF294755920047A644 /* Assets.xcassets in Resources */,
				D151C1F82959021900AD0222 /* menu_click.wav in Resources */,
				D151C1FA2959021900AD0222 /* monster_run.wav in Resources */,
				D1A3CEAD294755910047A644 /* Main.storyboard in Resources */,
			);
			runOnlyForDeploymentPostprocessing = 0;
		};
/* End PBXResourcesBuildPhase section */

/* Begin PBXSourcesBuildPhase section */
		D1A3CE9E294755910047A644 /* Sources */ = {
			isa = PBXSourcesBuildPhase;
			buildActionMask = 2147483647;
			files = (
				D19D3A8729509E780095EA62 /* MonsterAnnotation.swift in Sources */,
				D1F39ED2294B737A001201B9 /* Monster.swift in Sources */,
				D1A3CEAA294755910047A644 /* RequestLocationVC.swift in Sources */,
				D1F39EDA294BC3FD001201B9 /* CustomCell.swift in Sources */,
				D151C1E42958426200AD0222 /* LureAnnotation.swift in Sources */,
				D1A3CEA6294755910047A644 /* AppDelegate.swift in Sources */,
				D1A3CEA8294755910047A644 /* SceneDelegate.swift in Sources */,
				D1C50CE5294B419200624C24 /* MyTeamVC.swift in Sources */,
				D17E01E6294887B20064AC3B /* LocationForbiddenVC.swift in Sources */,
				D17E01E82948D3F00064AC3B /* MonstersMapVC.swift in Sources */,
				D1F39ECF294B72DF001201B9 /* ViewModel.swift in Sources */,
				D1F39ED4294B75FC001201B9 /* Constants.swift in Sources */,
				D1876E3E2951CABA001520E2 /* CatchMonsterVC.swift in Sources */,
			);
			runOnlyForDeploymentPostprocessing = 0;
		};
/* End PBXSourcesBuildPhase section */

/* Begin PBXVariantGroup section */
		D1A3CEAB294755910047A644 /* Main.storyboard */ = {
			isa = PBXVariantGroup;
			children = (
				D1A3CEAC294755910047A644 /* Base */,
			);
			name = Main.storyboard;
			sourceTree = "<group>";
		};
		D1A3CEB0294755920047A644 /* LaunchScreen.storyboard */ = {
			isa = PBXVariantGroup;
			children = (
				D1A3CEB1294755920047A644 /* Base */,
			);
			name = LaunchScreen.storyboard;
			sourceTree = "<group>";
		};
/* End PBXVariantGroup section */

/* Begin XCBuildConfiguration section */
		D1A3CEB4294755920047A644 /* Debug */ = {
			isa = XCBuildConfiguration;
			buildSettings = {
				ALWAYS_SEARCH_USER_PATHS = NO;
				CLANG_ANALYZER_NONNULL = YES;
				CLANG_ANALYZER_NUMBER_OBJECT_CONVERSION = YES_AGGRESSIVE;
				CLANG_CXX_LANGUAGE_STANDARD = "gnu++20";
				CLANG_ENABLE_MODULES = YES;
				CLANG_ENABLE_OBJC_ARC = YES;
				CLANG_ENABLE_OBJC_WEAK = YES;
				CLANG_WARN_BLOCK_CAPTURE_AUTORELEASING = YES;
				CLANG_WARN_BOOL_CONVERSION = YES;
				CLANG_WARN_COMMA = YES;
				CLANG_WARN_CONSTANT_CONVERSION = YES;
				CLANG_WARN_DEPRECATED_OBJC_IMPLEMENTATIONS = YES;
				CLANG_WARN_DIRECT_OBJC_ISA_USAGE = YES_ERROR;
				CLANG_WARN_DOCUMENTATION_COMMENTS = YES;
				CLANG_WARN_EMPTY_BODY = YES;
				CLANG_WARN_ENUM_CONVERSION = YES;
				CLANG_WARN_INFINITE_RECURSION = YES;
				CLANG_WARN_INT_CONVERSION = YES;
				CLANG_WARN_NON_LITERAL_NULL_CONVERSION = YES;
				CLANG_WARN_OBJC_IMPLICIT_RETAIN_SELF = YES;
				CLANG_WARN_OBJC_LITERAL_CONVERSION = YES;
				CLANG_WARN_OBJC_ROOT_CLASS = YES_ERROR;
				CLANG_WARN_QUOTED_INCLUDE_IN_FRAMEWORK_HEADER = YES;
				CLANG_WARN_RANGE_LOOP_ANALYSIS = YES;
				CLANG_WARN_STRICT_PROTOTYPES = YES;
				CLANG_WARN_SUSPICIOUS_MOVE = YES;
				CLANG_WARN_UNGUARDED_AVAILABILITY = YES_AGGRESSIVE;
				CLANG_WARN_UNREACHABLE_CODE = YES;
				CLANG_WARN__DUPLICATE_METHOD_MATCH = YES;
				COPY_PHASE_STRIP = NO;
				DEBUG_INFORMATION_FORMAT = dwarf;
				ENABLE_STRICT_OBJC_MSGSEND = YES;
				ENABLE_TESTABILITY = YES;
				GCC_C_LANGUAGE_STANDARD = gnu11;
				GCC_DYNAMIC_NO_PIC = NO;
				GCC_NO_COMMON_BLOCKS = YES;
				GCC_OPTIMIZATION_LEVEL = 0;
				GCC_PREPROCESSOR_DEFINITIONS = (
					"DEBUG=1",
					"$(inherited)",
				);
				GCC_WARN_64_TO_32_BIT_CONVERSION = YES;
				GCC_WARN_ABOUT_RETURN_TYPE = YES_ERROR;
				GCC_WARN_UNDECLARED_SELECTOR = YES;
				GCC_WARN_UNINITIALIZED_AUTOS = YES_AGGRESSIVE;
				GCC_WARN_UNUSED_FUNCTION = YES;
				GCC_WARN_UNUSED_VARIABLE = YES;
				IPHONEOS_DEPLOYMENT_TARGET = 16.1;
				MTL_ENABLE_DEBUG_INFO = INCLUDE_SOURCE;
				MTL_FAST_MATH = YES;
				ONLY_ACTIVE_ARCH = YES;
				SDKROOT = iphoneos;
				SWIFT_ACTIVE_COMPILATION_CONDITIONS = DEBUG;
				SWIFT_OPTIMIZATION_LEVEL = "-Onone";
			};
			name = Debug;
		};
		D1A3CEB5294755920047A644 /* Release */ = {
			isa = XCBuildConfiguration;
			buildSettings = {
				ALWAYS_SEARCH_USER_PATHS = NO;
				CLANG_ANALYZER_NONNULL = YES;
				CLANG_ANALYZER_NUMBER_OBJECT_CONVERSION = YES_AGGRESSIVE;
				CLANG_CXX_LANGUAGE_STANDARD = "gnu++20";
				CLANG_ENABLE_MODULES = YES;
				CLANG_ENABLE_OBJC_ARC = YES;
				CLANG_ENABLE_OBJC_WEAK = YES;
				CLANG_WARN_BLOCK_CAPTURE_AUTORELEASING = YES;
				CLANG_WARN_BOOL_CONVERSION = YES;
				CLANG_WARN_COMMA = YES;
				CLANG_WARN_CONSTANT_CONVERSION = YES;
				CLANG_WARN_DEPRECATED_OBJC_IMPLEMENTATIONS = YES;
				CLANG_WARN_DIRECT_OBJC_ISA_USAGE = YES_ERROR;
				CLANG_WARN_DOCUMENTATION_COMMENTS = YES;
				CLANG_WARN_EMPTY_BODY = YES;
				CLANG_WARN_ENUM_CONVERSION = YES;
				CLANG_WARN_INFINITE_RECURSION = YES;
				CLANG_WARN_INT_CONVERSION = YES;
				CLANG_WARN_NON_LITERAL_NULL_CONVERSION = YES;
				CLANG_WARN_OBJC_IMPLICIT_RETAIN_SELF = YES;
				CLANG_WARN_OBJC_LITERAL_CONVERSION = YES;
				CLANG_WARN_OBJC_ROOT_CLASS = YES_ERROR;
				CLANG_WARN_QUOTED_INCLUDE_IN_FRAMEWORK_HEADER = YES;
				CLANG_WARN_RANGE_LOOP_ANALYSIS = YES;
				CLANG_WARN_STRICT_PROTOTYPES = YES;
				CLANG_WARN_SUSPICIOUS_MOVE = YES;
				CLANG_WARN_UNGUARDED_AVAILABILITY = YES_AGGRESSIVE;
				CLANG_WARN_UNREACHABLE_CODE = YES;
				CLANG_WARN__DUPLICATE_METHOD_MATCH = YES;
				COPY_PHASE_STRIP = NO;
				DEBUG_INFORMATION_FORMAT = "dwarf-with-dsym";
				ENABLE_NS_ASSERTIONS = NO;
				ENABLE_STRICT_OBJC_MSGSEND = YES;
				GCC_C_LANGUAGE_STANDARD = gnu11;
				GCC_NO_COMMON_BLOCKS = YES;
				GCC_WARN_64_TO_32_BIT_CONVERSION = YES;
				GCC_WARN_ABOUT_RETURN_TYPE = YES_ERROR;
				GCC_WARN_UNDECLARED_SELECTOR = YES;
				GCC_WARN_UNINITIALIZED_AUTOS = YES_AGGRESSIVE;
				GCC_WARN_UNUSED_FUNCTION = YES;
				GCC_WARN_UNUSED_VARIABLE = YES;
				IPHONEOS_DEPLOYMENT_TARGET = 16.1;
				MTL_ENABLE_DEBUG_INFO = NO;
				MTL_FAST_MATH = YES;
				SDKROOT = iphoneos;
				SWIFT_COMPILATION_MODE = wholemodule;
				SWIFT_OPTIMIZATION_LEVEL = "-O";
				VALIDATE_PRODUCT = YES;
			};
			name = Release;
		};
		D1A3CEB7294755920047A644 /* Debug */ = {
			isa = XCBuildConfiguration;
			buildSettings = {
				ASSETCATALOG_COMPILER_APPICON_NAME = AppIcon;
				ASSETCATALOG_COMPILER_GLOBAL_ACCENT_COLOR_NAME = AccentColor;
				CODE_SIGN_STYLE = Automatic;
				CURRENT_PROJECT_VERSION = 1;
				DEVELOPMENT_TEAM = 8J723W5X5H;
				GENERATE_INFOPLIST_FILE = YES;
				INFOPLIST_FILE = "Monster Track/Info.plist";
				INFOPLIST_KEY_CFBundleDisplayName = "Monster Track";
				INFOPLIST_KEY_LSApplicationCategoryType = "public.app-category.adventure-games";
				INFOPLIST_KEY_UIApplicationSupportsIndirectInputEvents = YES;
				INFOPLIST_KEY_UILaunchStoryboardName = LaunchScreen;
				INFOPLIST_KEY_UIMainStoryboardFile = Main;
				INFOPLIST_KEY_UIStatusBarHidden = YES;
				INFOPLIST_KEY_UISupportedInterfaceOrientations = UIInterfaceOrientationPortrait;
				IPHONEOS_DEPLOYMENT_TARGET = 11.0;
				LD_RUNPATH_SEARCH_PATHS = (
					"$(inherited)",
					"@executable_path/Frameworks",
				);
				MARKETING_VERSION = 1.0;
				PRODUCT_BUNDLE_IDENTIFIER = "com.nickeyprod.Monster-Track";
				PRODUCT_NAME = "$(TARGET_NAME)";
				SUPPORTED_PLATFORMS = "iphoneos iphonesimulator";
				SUPPORTS_MACCATALYST = NO;
				SUPPORTS_MAC_DESIGNED_FOR_IPHONE_IPAD = NO;
				SWIFT_EMIT_LOC_STRINGS = YES;
				SWIFT_VERSION = 5.0;
				TARGETED_DEVICE_FAMILY = 1;
			};
			name = Debug;
		};
		D1A3CEB8294755920047A644 /* Release */ = {
			isa = XCBuildConfiguration;
			buildSettings = {
				ASSETCATALOG_COMPILER_APPICON_NAME = AppIcon;
				ASSETCATALOG_COMPILER_GLOBAL_ACCENT_COLOR_NAME = AccentColor;
				CODE_SIGN_STYLE = Automatic;
				CURRENT_PROJECT_VERSION = 1;
				DEVELOPMENT_TEAM = 8J723W5X5H;
				GENERATE_INFOPLIST_FILE = YES;
				INFOPLIST_FILE = "Monster Track/Info.plist";
				INFOPLIST_KEY_CFBundleDisplayName = "Monster Track";
				INFOPLIST_KEY_LSApplicationCategoryType = "public.app-category.adventure-games";
				INFOPLIST_KEY_UIApplicationSupportsIndirectInputEvents = YES;
				INFOPLIST_KEY_UILaunchStoryboardName = LaunchScreen;
				INFOPLIST_KEY_UIMainStoryboardFile = Main;
				INFOPLIST_KEY_UIStatusBarHidden = YES;
				INFOPLIST_KEY_UISupportedInterfaceOrientations = UIInterfaceOrientationPortrait;
				IPHONEOS_DEPLOYMENT_TARGET = 11.0;
				LD_RUNPATH_SEARCH_PATHS = (
					"$(inherited)",
					"@executable_path/Frameworks",
				);
				MARKETING_VERSION = 1.0;
				PRODUCT_BUNDLE_IDENTIFIER = "com.nickeyprod.Monster-Track";
				PRODUCT_NAME = "$(TARGET_NAME)";
				SUPPORTED_PLATFORMS = "iphoneos iphonesimulator";
				SUPPORTS_MACCATALYST = NO;
				SUPPORTS_MAC_DESIGNED_FOR_IPHONE_IPAD = NO;
				SWIFT_EMIT_LOC_STRINGS = YES;
				SWIFT_VERSION = 5.0;
				TARGETED_DEVICE_FAMILY = 1;
			};
			name = Release;
		};
/* End XCBuildConfiguration section */

/* Begin XCConfigurationList section */
		D1A3CE9D294755910047A644 /* Build configuration list for PBXProject "Monster Track" */ = {
			isa = XCConfigurationList;
			buildConfigurations = (
				D1A3CEB4294755920047A644 /* Debug */,
				D1A3CEB5294755920047A644 /* Release */,
			);
			defaultConfigurationIsVisible = 0;
			defaultConfigurationName = Release;
		};
		D1A3CEB6294755920047A644 /* Build configuration list for PBXNativeTarget "Monster Track" */ = {
			isa = XCConfigurationList;
			buildConfigurations = (
				D1A3CEB7294755920047A644 /* Debug */,
				D1A3CEB8294755920047A644 /* Release */,
			);
			defaultConfigurationIsVisible = 0;
			defaultConfigurationName = Release;
		};
/* End XCConfigurationList section */
	};
	rootObject = D1A3CE9A294755910047A644 /* Project object */;
}
